<?xml version="1.0" encoding="utf-8"?>
<Project ToolsVersion="4.0" xmlns="http://schemas.microsoft.com/developer/msbuild/2003">
  <ItemGroup>
    <Filter Include="internal">
      <UniqueIdentifier>{93995380-89BD-4b04-88EB-625FBE52EBFB}</UniqueIdentifier>
      <Extensions>h;hh;hpp;hxx;hm;inl;inc;xsd</Extensions>
    </Filter>
    <Filter Include="internal\base">
      <UniqueIdentifier>{a5ee88c7-9643-440a-be06-26cdb17cb76a}</UniqueIdentifier>
    </Filter>
    <Filter Include="internal\entities">
      <UniqueIdentifier>{4d538f95-b8fe-4e72-a8b3-49cb0475678b}</UniqueIdentifier>
    </Filter>
    <Filter Include="internal\world">
      <UniqueIdentifier>{4ee632eb-cd89-478a-8f7d-9bcbe89b17e0}</UniqueIdentifier>
    </Filter>
    <Filter Include="internal\base\include">
      <UniqueIdentifier>{dcfe6761-fb80-4dea-84d8-59811f7dd10c}</UniqueIdentifier>
    </Filter>
    <Filter Include="internal\base\src">
      <UniqueIdentifier>{52d8432e-7729-4213-8e65-8c50124f13f6}</UniqueIdentifier>
    </Filter>
    <Filter Include="internal\world\include">
      <UniqueIdentifier>{725c1364-19e7-49a7-850c-f7bd48aea61a}</UniqueIdentifier>
    </Filter>
    <Filter Include="internal\world\src">
      <UniqueIdentifier>{9a204d23-73c2-48ff-8ee8-cefb02aec656}</UniqueIdentifier>
    </Filter>
    <Filter Include="internal\entities\include">
      <UniqueIdentifier>{b1a88a82-1fde-408b-9747-4053423be3b0}</UniqueIdentifier>
    </Filter>
    <Filter Include="internal\entities\src">
      <UniqueIdentifier>{f5de384c-d5da-45b8-b5d7-4fac3d034669}</UniqueIdentifier>
    </Filter>
    <Filter Include="include">
      <UniqueIdentifier>{619209de-ca24-4479-bfa3-b62bea17bc96}</UniqueIdentifier>
    </Filter>
    <Filter Include="internal\memory">
      <UniqueIdentifier>{fc15332d-324b-4971-b038-f578c3f65300}</UniqueIdentifier>
    </Filter>
    <Filter Include="internal\memory\include">
      <UniqueIdentifier>{99f53d4c-e122-4dc3-bc37-7d08cc4b26c8}</UniqueIdentifier>
    </Filter>
    <Filter Include="internal\memory\src">
      <UniqueIdentifier>{267d6009-824e-4f16-8945-732e57717d21}</UniqueIdentifier>
    </Filter>
    <Filter Include="src">
      <UniqueIdentifier>{10fefdc2-0492-4bd2-862a-c3098401f3c0}</UniqueIdentifier>
    </Filter>
    <Filter Include="internal\containers">
      <UniqueIdentifier>{c61e2ee9-b018-4ec7-9d3a-aa1d9f88e54c}</UniqueIdentifier>
    </Filter>
    <Filter Include="internal\containers\include">
      <UniqueIdentifier>{6dc14b40-8a49-4eca-aed4-d387ec066d36}</UniqueIdentifier>
    </Filter>
    <Filter Include="internal\file">
      <UniqueIdentifier>{3ea0054a-968f-468a-b53d-118a628758ce}</UniqueIdentifier>
    </Filter>
    <Filter Include="internal\file\include">
      <UniqueIdentifier>{d5ad271e-d5ff-456a-9344-fa70b52dba23}</UniqueIdentifier>
    </Filter>
    <Filter Include="internal\file\src">
      <UniqueIdentifier>{34e3ab19-2b40-4e6e-a324-fb78cb77a9df}</UniqueIdentifier>
    </Filter>
    <Filter Include="internal\containers\src">
      <UniqueIdentifier>{1e57a109-0bf2-4ecc-9612-7917ae76c1bd}</UniqueIdentifier>
    </Filter>
    <Filter Include="internal\geometry">
      <UniqueIdentifier>{ed0ca55e-2816-417d-8287-68c3a15e28e3}</UniqueIdentifier>
    </Filter>
    <Filter Include="internal\geometry\include">
      <UniqueIdentifier>{fcb06d9b-ade4-4bd8-bd2d-5dc2d96e13c7}</UniqueIdentifier>
    </Filter>
    <Filter Include="internal\geometry\src">
      <UniqueIdentifier>{391be752-2b84-491a-8c76-c612d5d398e4}</UniqueIdentifier>
    </Filter>
    <Filter Include="internal\rendering">
      <UniqueIdentifier>{04231575-3207-44df-a7a9-fe50c3dbb05c}</UniqueIdentifier>
    </Filter>
    <Filter Include="internal\rendering\include">
      <UniqueIdentifier>{21632f62-aac2-45ad-8e82-7ba586fb9321}</UniqueIdentifier>
    </Filter>
    <Filter Include="internal\rendering\src">
      <UniqueIdentifier>{25898a48-9103-48de-9fcd-2f61882bd8d4}</UniqueIdentifier>
    </Filter>
    <Filter Include="internal\occlusionculling">
      <UniqueIdentifier>{6989c1c4-fc39-44da-bcb6-9b222c066786}</UniqueIdentifier>
    </Filter>
    <Filter Include="internal\occlusionculling\include">
      <UniqueIdentifier>{59cbdb6c-09bd-417d-9f79-8cc2280aadd8}</UniqueIdentifier>
    </Filter>
    <Filter Include="internal\occlusionculling\src">
      <UniqueIdentifier>{6cfc2ec8-a2a8-4bc1-96e1-b943ebbb0501}</UniqueIdentifier>
    </Filter>
    <Filter Include="api">
      <UniqueIdentifier>{384f19f2-09d5-4a3b-8d2c-338e049f1b82}</UniqueIdentifier>
    </Filter>
    <Filter Include="api\include">
      <UniqueIdentifier>{82c584a2-c323-49fd-b709-c9e885613e79}</UniqueIdentifier>
    </Filter>
  </ItemGroup>
  <ItemGroup>
    <ClInclude Include="include\camera.h">
      <Filter>include</Filter>
    </ClInclude>
    <ClInclude Include="include\material.h">
      <Filter>include</Filter>
    </ClInclude>
    <ClInclude Include="include\object.h">
      <Filter>include</Filter>
    </ClInclude>
    <ClInclude Include="include\renderer.h">
      <Filter>include</Filter>
    </ClInclude>
    <ClInclude Include="include\shader.h">
      <Filter>include</Filter>
    </ClInclude>
    <ClInclude Include="include\texture.h">
      <Filter>include</Filter>
    </ClInclude>
    <ClInclude Include="include\world.h">
      <Filter>include</Filter>
    </ClInclude>
    <ClInclude Include="internal\base\materialinternal.h">
      <Filter>internal\base\include</Filter>
    </ClInclude>
    <ClInclude Include="internal\base\objectinternal.h">
      <Filter>internal\base\include</Filter>
    </ClInclude>
    <ClInclude Include="internal\base\rendererinternal.h">
      <Filter>internal\base\include</Filter>
    </ClInclude>
    <ClInclude Include="internal\base\shaderinternal.h">
      <Filter>internal\base\include</Filter>
    </ClInclude>
    <ClInclude Include="internal\base\textureinternal.h">
      <Filter>internal\base\include</Filter>
    </ClInclude>
    <ClInclude Include="internal\world\worldinternal.h">
      <Filter>internal\world\include</Filter>
    </ClInclude>
    <ClInclude Include="internal\entities\camerainternal.h">
      <Filter>internal\entities\include</Filter>
    </ClInclude>
    <ClInclude Include="internal\base\renderstate.h">
      <Filter>internal\base\include</Filter>
    </ClInclude>
    <ClInclude Include="internal\memory\factory.h">
      <Filter>internal\memory\include</Filter>
    </ClInclude>
    <ClInclude Include="include\engine.h">
      <Filter>include</Filter>
    </ClInclude>
    <ClInclude Include="internal\base\framebuffer.h">
      <Filter>internal\base\include</Filter>
    </ClInclude>
    <ClInclude Include="include\light.h">
      <Filter>include</Filter>
    </ClInclude>
    <ClInclude Include="internal\entities\lightinternal.h">
      <Filter>internal\entities\include</Filter>
    </ClInclude>
    <ClInclude Include="include\environment.h">
      <Filter>include</Filter>
    </ClInclude>
    <ClInclude Include="internal\world\environmentinternal.h">
      <Filter>internal\world\include</Filter>
    </ClInclude>
    <ClInclude Include="include\variables.h">
      <Filter>include</Filter>
    </ClInclude>
    <ClInclude Include="include\graphics.h">
      <Filter>include</Filter>
    </ClInclude>
    <ClInclude Include="include\screen.h">
      <Filter>include</Filter>
    </ClInclude>
    <ClInclude Include="include\animation.h">
      <Filter>include</Filter>
    </ClInclude>
    <ClInclude Include="internal\base\animationinternal.h">
      <Filter>internal\base\include</Filter>
    </ClInclude>
    <ClInclude Include="include\particlesystem.h">
      <Filter>include</Filter>
    </ClInclude>
    <ClInclude Include="internal\entities\particlesysteminternal.h">
      <Filter>internal\entities\include</Filter>
    </ClInclude>
    <ClInclude Include="include\time2.h">
      <Filter>include</Filter>
    </ClInclude>
    <ClInclude Include="include\font.h">
      <Filter>include</Filter>
    </ClInclude>
    <ClInclude Include="internal\base\fontinternal.h">
      <Filter>internal\base\include</Filter>
    </ClInclude>
    <ClInclude Include="internal\file\image.h">
      <Filter>internal\file\include</Filter>
    </ClInclude>
    <ClInclude Include="include\mesh.h">
      <Filter>include</Filter>
    </ClInclude>
    <ClInclude Include="internal\base\meshinternal.h">
      <Filter>internal\base\include</Filter>
    </ClInclude>
    <ClInclude Include="include\resources.h">
      <Filter>include</Filter>
    </ClInclude>
    <ClInclude Include="internal\base\gbuffer.h">
      <Filter>internal\base\include</Filter>
    </ClInclude>
    <ClInclude Include="internal\file\shaderparser.h">
      <Filter>internal\file\include</Filter>
    </ClInclude>
    <ClInclude Include="include\enginedefines.h">
      <Filter>include</Filter>
    </ClInclude>
    <ClInclude Include="include\variant.h">
      <Filter>include</Filter>
    </ClInclude>
    <ClInclude Include="include\driver.h">
      <Filter>include</Filter>
    </ClInclude>
    <ClInclude Include="internal\base\renderdefines.h">
      <Filter>internal\base\include</Filter>
    </ClInclude>
    <ClInclude Include="include\entity.h">
      <Filter>include</Filter>
    </ClInclude>
    <ClInclude Include="internal\entities\entityinternal.h">
      <Filter>internal\entities\include</Filter>
    </ClInclude>
    <ClInclude Include="include\transform.h">
      <Filter>include</Filter>
    </ClInclude>
    <ClInclude Include="internal\base\transforminternal.h">
      <Filter>internal\entities\include</Filter>
    </ClInclude>
    <ClInclude Include="..\Shared\containers\arraylist.h">
      <Filter>internal\containers\include</Filter>
    </ClInclude>
    <ClInclude Include="..\Shared\containers\freelist.h">
      <Filter>internal\containers\include</Filter>
    </ClInclude>
    <ClInclude Include="..\Shared\containers\ptrmap.h">
      <Filter>internal\containers\include</Filter>
    </ClInclude>
    <ClInclude Include="..\Shared\containers\sortedvector.h">
      <Filter>internal\containers\include</Filter>
    </ClInclude>
    <ClInclude Include="..\Shared\containers\table.h">
      <Filter>internal\containers\include</Filter>
    </ClInclude>
    <ClInclude Include="include\projector.h">
      <Filter>include</Filter>
    </ClInclude>
    <ClInclude Include="internal\entities\projectorinternal.h">
      <Filter>internal\entities\include</Filter>
    </ClInclude>
    <ClInclude Include="internal\entities\frustum.h">
      <Filter>internal\entities\include</Filter>
    </ClInclude>
    <ClInclude Include="internal\rendering\pipeline.h">
      <Filter>internal\rendering\include</Filter>
    </ClInclude>
    <ClInclude Include="internal\geometry\bsptree.h">
      <Filter>internal\geometry\include</Filter>
    </ClInclude>
    <ClInclude Include="internal\file\entityassetloader.h">
      <Filter>internal\file\include</Filter>
    </ClInclude>
    <ClInclude Include="internal\base\uniformbuffer.h">
      <Filter>internal\base\include</Filter>
    </ClInclude>
    <ClInclude Include="internal\base\vertexarray.h">
      <Filter>internal\base\include</Filter>
    </ClInclude>
    <ClInclude Include="include\frameevent.h">
      <Filter>include</Filter>
    </ClInclude>
    <ClInclude Include="include\bounds.h">
      <Filter>include</Filter>
    </ClInclude>
    <ClInclude Include="include\gizmos.h">
      <Filter>include</Filter>
    </ClInclude>
    <ClInclude Include="include\imageeffect.h">
      <Filter>include</Filter>
    </ClInclude>
    <ClInclude Include="include\gizmospainter.h">
      <Filter>include</Filter>
    </ClInclude>
    <ClInclude Include="include\geometryutility.h">
      <Filter>include</Filter>
    </ClInclude>
    <ClInclude Include="include\plane.h">
      <Filter>include</Filter>
    </ClInclude>
    <ClInclude Include="include\polygon.h">
      <Filter>include</Filter>
    </ClInclude>
    <ClInclude Include="internal\file\asyncentityimporter.h">
      <Filter>internal\file\include</Filter>
    </ClInclude>
    <ClInclude Include="include\entityimportedlistener.h">
      <Filter>include</Filter>
    </ClInclude>
    <ClInclude Include="include\component.h">
      <Filter>include</Filter>
    </ClInclude>
    <ClInclude Include="internal\base\componentinternal.h">
      <Filter>internal\base\include</Filter>
    </ClInclude>
    <ClInclude Include="internal\occlusionculling\CullingThreadpool.h">
      <Filter>internal\occlusionculling\include</Filter>
    </ClInclude>
    <ClInclude Include="internal\occlusionculling\FrameRecorder.h">
      <Filter>internal\occlusionculling\include</Filter>
    </ClInclude>
    <ClInclude Include="internal\occlusionculling\MaskedOcclusionCulling.h">
      <Filter>internal\occlusionculling\include</Filter>
    </ClInclude>
    <ClInclude Include="internal\rendering\uniformbuffermanager.h">
      <Filter>internal\rendering\include</Filter>
    </ClInclude>
    <ClInclude Include="api\gl.h">
      <Filter>api\include</Filter>
    </ClInclude>
  </ItemGroup>
  <ItemGroup>
    <ClCompile Include="internal\base\objectinternal.cpp">
      <Filter>internal\base\src</Filter>
    </ClCompile>
    <ClCompile Include="internal\base\materialinternal.cpp">
      <Filter>internal\base\src</Filter>
    </ClCompile>
    <ClCompile Include="internal\base\shaderinternal.cpp">
      <Filter>internal\base\src</Filter>
    </ClCompile>
    <ClCompile Include="internal\base\textureinternal.cpp">
      <Filter>internal\base\src</Filter>
    </ClCompile>
    <ClCompile Include="internal\world\worldinternal.cpp">
      <Filter>internal\world\src</Filter>
    </ClCompile>
    <ClCompile Include="internal\entities\camerainternal.cpp">
      <Filter>internal\entities\src</Filter>
    </ClCompile>
    <ClCompile Include="internal\memory\factory.cpp">
      <Filter>internal\memory\src</Filter>
    </ClCompile>
    <ClCompile Include="src\engine.cpp">
      <Filter>src</Filter>
    </ClCompile>
    <ClCompile Include="internal\base\framebuffer.cpp">
      <Filter>internal\base\src</Filter>
    </ClCompile>
    <ClCompile Include="internal\base\rendererinternal.cpp">
      <Filter>internal\base\src</Filter>
    </ClCompile>
    <ClCompile Include="internal\base\renderstate.cpp">
      <Filter>internal\base\src</Filter>
    </ClCompile>
    <ClCompile Include="internal\entities\lightinternal.cpp">
      <Filter>internal\entities\src</Filter>
    </ClCompile>
    <ClCompile Include="internal\world\environmentinternal.cpp">
      <Filter>internal\world\src</Filter>
    </ClCompile>
    <ClCompile Include="internal\base\animationinternal.cpp">
      <Filter>internal\base\src</Filter>
    </ClCompile>
    <ClCompile Include="internal\entities\particlesysteminternal.cpp">
      <Filter>internal\entities\src</Filter>
    </ClCompile>
    <ClCompile Include="internal\base\fontinternal.cpp">
      <Filter>internal\base\src</Filter>
    </ClCompile>
    <ClCompile Include="internal\file\image.cpp">
      <Filter>internal\file\src</Filter>
    </ClCompile>
    <ClCompile Include="internal\base\meshinternal.cpp">
      <Filter>internal\base\src</Filter>
    </ClCompile>
    <ClCompile Include="src\graphics.cpp">
      <Filter>src</Filter>
    </ClCompile>
    <ClCompile Include="src\resources.cpp">
      <Filter>src</Filter>
    </ClCompile>
    <ClCompile Include="src\time2.cpp">
      <Filter>src</Filter>
    </ClCompile>
    <ClCompile Include="src\screen.cpp">
      <Filter>src</Filter>
    </ClCompile>
    <ClCompile Include="internal\memory\creater.cpp">
      <Filter>internal\memory\src</Filter>
    </ClCompile>
    <ClCompile Include="internal\base\gbuffer.cpp">
      <Filter>internal\base\src</Filter>
    </ClCompile>
    <ClCompile Include="internal\file\shaderparser.cpp">
      <Filter>internal\file\src</Filter>
    </ClCompile>
    <ClCompile Include="src\variant.cpp">
      <Filter>src</Filter>
    </ClCompile>
    <ClCompile Include="src\tagmanager.cpp">
      <Filter>src</Filter>
    </ClCompile>
    <ClCompile Include="src\driver.cpp">
      <Filter>src</Filter>
    </ClCompile>
    <ClCompile Include="internal\entities\entityinternal.cpp">
      <Filter>internal\entities\src</Filter>
    </ClCompile>
    <ClCompile Include="internal\base\transforminternal.cpp">
      <Filter>internal\entities\src</Filter>
    </ClCompile>
    <ClCompile Include="internal\entities\projectorinternal.cpp">
      <Filter>internal\entities\src</Filter>
    </ClCompile>
    <ClCompile Include="internal\entities\frustum.cpp">
      <Filter>internal\entities\src</Filter>
    </ClCompile>
    <ClCompile Include="internal\rendering\pipeline.cpp">
      <Filter>internal\rendering\src</Filter>
    </ClCompile>
    <ClCompile Include="internal\geometry\bsptree.cpp">
      <Filter>internal\geometry\src</Filter>
    </ClCompile>
    <ClCompile Include="internal\file\entityassetloader.cpp">
      <Filter>internal\file\src</Filter>
    </ClCompile>
    <ClCompile Include="internal\base\uniformbuffer.cpp">
      <Filter>internal\base\src</Filter>
    </ClCompile>
    <ClCompile Include="internal\base\vertexarray.cpp">
      <Filter>internal\base\src</Filter>
    </ClCompile>
    <ClCompile Include="src\bounds.cpp">
      <Filter>src</Filter>
    </ClCompile>
    <ClCompile Include="src\gizmos.cpp">
      <Filter>src</Filter>
    </ClCompile>
    <ClCompile Include="src\geometryutility.cpp">
      <Filter>src</Filter>
    </ClCompile>
    <ClCompile Include="src\plane.cpp">
      <Filter>src</Filter>
    </ClCompile>
    <ClCompile Include="src\polygon.cpp">
      <Filter>src</Filter>
    </ClCompile>
    <ClCompile Include="internal\file\asyncentityimporter.cpp">
      <Filter>internal\file\src</Filter>
    </ClCompile>
    <ClCompile Include="internal\base\componentinternal.cpp">
      <Filter>internal\base\src</Filter>
    </ClCompile>
    <ClCompile Include="internal\occlusionculling\CullingThreadpool.cpp">
      <Filter>internal\occlusionculling\src</Filter>
    </ClCompile>
    <ClCompile Include="internal\occlusionculling\FrameRecorder.cpp">
      <Filter>internal\occlusionculling\src</Filter>
    </ClCompile>
    <ClCompile Include="internal\occlusionculling\MaskedOcclusionCulling.cpp">
      <Filter>internal\occlusionculling\src</Filter>
    </ClCompile>
    <ClCompile Include="internal\occlusionculling\MaskedOcclusionCullingAVX2.cpp">
      <Filter>internal\occlusionculling\src</Filter>
    </ClCompile>
    <ClCompile Include="internal\occlusionculling\MaskedOcclusionCullingAVX512.cpp">
      <Filter>internal\occlusionculling\src</Filter>
    </ClCompile>
    <ClCompile Include="internal\rendering\uniformbuffermanager.cpp">
      <Filter>internal\rendering\src</Filter>
    </ClCompile>
  </ItemGroup>
  <ItemGroup>
    <Text Include="include\tagmanager.h">
      <Filter>include</Filter>
    </Text>
  </ItemGroup>
  <ItemGroup>
    <None Include="internal\occlusionculling\CompilerSpecific.inl">
      <Filter>internal\occlusionculling\include</Filter>
    </None>
    <None Include="internal\occlusionculling\MaskedOcclusionCullingCommon.inl">
      <Filter>internal\occlusionculling\include</Filter>
    </None>
  </ItemGroup>
</Project>