<?xml version="1.0" encoding="utf-8"?>
<Project ToolsVersion="4.0" xmlns="http://schemas.microsoft.com/developer/msbuild/2003">
  <ItemGroup>
    <Filter Include="Generated Files">
      <UniqueIdentifier>{71ED8ED8-ACB9-4CE9-BBE1-E00B30144E11}</UniqueIdentifier>
      <Extensions>moc;h;cpp</Extensions>
      <SourceControlFiles>False</SourceControlFiles>
    </Filter>
    <Filter Include="Generated Files\Debug">
      <UniqueIdentifier>{402f3300-9718-425e-ae2a-09de1f08b65e}</UniqueIdentifier>
      <Extensions>cpp;moc</Extensions>
      <SourceControlFiles>False</SourceControlFiles>
    </Filter>
    <Filter Include="Generated Files\Release">
      <UniqueIdentifier>{efaaf5fe-4bac-4b51-b5b5-11101849618f}</UniqueIdentifier>
      <Extensions>cpp;moc</Extensions>
      <SourceControlFiles>False</SourceControlFiles>
    </Filter>
    <Filter Include="resources">
      <UniqueIdentifier>{D9D6E242-F8AF-46E4-B9FD-80ECBC20BA3E}</UniqueIdentifier>
      <Extensions>qrc;*</Extensions>
      <ParseFiles>false</ParseFiles>
    </Filter>
    <Filter Include="ui">
      <UniqueIdentifier>{99349809-55BA-4b9d-BF79-8FDBB0286EB3}</UniqueIdentifier>
      <Extensions>ui</Extensions>
    </Filter>
    <Filter Include="scripts">
      <UniqueIdentifier>{d9d38ab5-25a0-4526-8735-dbceb209adba}</UniqueIdentifier>
    </Filter>
    <Filter Include="resources\shaders">
      <UniqueIdentifier>{cda91b8e-50f4-4c01-a697-db1bad03772d}</UniqueIdentifier>
    </Filter>
    <Filter Include="resources\shaders\include">
      <UniqueIdentifier>{293ae9ed-e6bb-4edb-878e-204ffb3e8ba9}</UniqueIdentifier>
    </Filter>
    <Filter Include="main">
      <UniqueIdentifier>{dc1b67d3-19aa-4507-9fbb-e436e116b57b}</UniqueIdentifier>
    </Filter>
    <Filter Include="widgets">
      <UniqueIdentifier>{b2387caa-cad8-41c5-b0b7-574d52dbdb14}</UniqueIdentifier>
    </Filter>
    <Filter Include="resources\winrc">
      <UniqueIdentifier>{311718b2-a96d-4bbd-a172-5156996483a4}</UniqueIdentifier>
    </Filter>
    <Filter Include="resources\qss">
      <UniqueIdentifier>{f5285957-7c63-4bb1-b7c8-39412e92e3eb}</UniqueIdentifier>
    </Filter>
    <Filter Include="widgets\status">
      <UniqueIdentifier>{22a8d1da-ebe9-44cd-ae10-0a05e5db13dc}</UniqueIdentifier>
    </Filter>
    <Filter Include="resources\shaders\builtin">
      <UniqueIdentifier>{43d28d5e-e2af-4923-9408-8a0df599c17a}</UniqueIdentifier>
    </Filter>
    <Filter Include="resources\shaders\builtin\include">
      <UniqueIdentifier>{fe0db015-bb51-460e-b034-52f8394634f1}</UniqueIdentifier>
    </Filter>
    <Filter Include="widgets\dialogs">
      <UniqueIdentifier>{ad330e73-8586-4b92-a3e3-e6d6c14ade07}</UniqueIdentifier>
    </Filter>
    <Filter Include="windows">
      <UniqueIdentifier>{8f6ec8e0-e06c-4a59-be83-a8c2d6c05ccb}</UniqueIdentifier>
    </Filter>
    <Filter Include="windows\game">
      <UniqueIdentifier>{dbc1ae30-795b-4a8a-9865-e0f2ef4b870c}</UniqueIdentifier>
    </Filter>
    <Filter Include="windows\hierarchy">
      <UniqueIdentifier>{9f57e7fa-f10a-4868-966b-c939b4adc4f7}</UniqueIdentifier>
    </Filter>
    <Filter Include="windows\inspector">
      <UniqueIdentifier>{2d83e312-8d09-48b3-8eed-83acf55aacdc}</UniqueIdentifier>
    </Filter>
    <Filter Include="windows\inspector\custom">
      <UniqueIdentifier>{43ac319b-e4d5-422d-a1ce-8863a5125c26}</UniqueIdentifier>
    </Filter>
    <Filter Include="windows\lighting">
      <UniqueIdentifier>{2de45e3f-4435-4576-b064-28bec29f4dda}</UniqueIdentifier>
    </Filter>
    <Filter Include="widgets\fields">
      <UniqueIdentifier>{412ad60b-716b-447f-9863-626339a2f8d7}</UniqueIdentifier>
    </Filter>
    <Filter Include="windows\console">
      <UniqueIdentifier>{80990e59-ee1d-4b11-a012-2275e42b75f1}</UniqueIdentifier>
    </Filter>
    <Filter Include="gui">
      <UniqueIdentifier>{0e108cf8-5328-489a-be69-26fdf292facc}</UniqueIdentifier>
    </Filter>
    <Filter Include="gui\qtimgui">
      <UniqueIdentifier>{ea8eaf39-a86b-46c7-b52a-ae58ee72280f}</UniqueIdentifier>
    </Filter>
    <Filter Include="widgets\statistics">
      <UniqueIdentifier>{1d782889-cc66-4c21-b196-8456198ec7c6}</UniqueIdentifier>
    </Filter>
    <Filter Include="windows\project">
      <UniqueIdentifier>{8463ab07-6347-433c-bde5-c8b486952780}</UniqueIdentifier>
    </Filter>
    <Filter Include="resources\lua">
      <UniqueIdentifier>{f8b24b1c-aa31-458f-ace8-99ef35976734}</UniqueIdentifier>
    </Filter>
  </ItemGroup>
  <ItemGroup>
    <ClCompile Include="gui\qtimgui\ImGuiRenderer.cpp">
      <Filter>gui\qtimgui</Filter>
    </ClCompile>
    <ClCompile Include="gui\qtimgui\QtImGui.cpp">
      <Filter>gui\qtimgui</Filter>
    </ClCompile>
    <ClCompile Include="main\main.cpp">
      <Filter>main</Filter>
    </ClCompile>
    <ClCompile Include="main\prefs.cpp">
      <Filter>main</Filter>
    </ClCompile>
    <ClCompile Include="main\qtviewer.cpp">
      <Filter>main</Filter>
    </ClCompile>
    <ClCompile Include="scripts\cameracontroller.cpp">
      <Filter>scripts</Filter>
    </ClCompile>
    <ClCompile Include="scripts\gaussianblur.cpp">
      <Filter>scripts</Filter>
    </ClCompile>
    <ClCompile Include="scripts\inversion.cpp">
      <Filter>scripts</Filter>
    </ClCompile>
    <ClCompile Include="scripts\selectiongizmos.cpp">
      <Filter>scripts</Filter>
    </ClCompile>
    <ClCompile Include="widgets\dialogs\aboutdialog.cpp">
      <Filter>widgets\dialogs</Filter>
    </ClCompile>
    <ClCompile Include="widgets\dialogs\colorpicker.cpp">
      <Filter>widgets\dialogs</Filter>
    </ClCompile>
    <ClCompile Include="widgets\dialogs\popupwidget.cpp">
      <Filter>widgets\dialogs</Filter>
    </ClCompile>
    <ClCompile Include="widgets\dialogs\preferences.cpp">
      <Filter>widgets\dialogs</Filter>
    </ClCompile>
    <ClCompile Include="widgets\dialogs\shaderselector.cpp">
      <Filter>widgets\dialogs</Filter>
    </ClCompile>
    <ClCompile Include="widgets\fields\colorfield.cpp">
      <Filter>widgets\fields</Filter>
    </ClCompile>
    <ClCompile Include="widgets\fields\filetreefield.cpp">
      <Filter>widgets\fields</Filter>
    </ClCompile>
    <ClCompile Include="widgets\fields\floatfield.cpp">
      <Filter>widgets\fields</Filter>
    </ClCompile>
    <ClCompile Include="widgets\fields\intfield.cpp">
      <Filter>widgets\fields</Filter>
    </ClCompile>
    <ClCompile Include="widgets\fields\maskfield.cpp">
      <Filter>widgets\fields</Filter>
    </ClCompile>
    <ClCompile Include="widgets\fields\rangefield.cpp">
      <Filter>widgets\fields</Filter>
    </ClCompile>
    <ClCompile Include="widgets\fields\texturefield.cpp">
      <Filter>widgets\fields</Filter>
    </ClCompile>
    <ClCompile Include="widgets\fields\vecfield.cpp">
      <Filter>widgets\fields</Filter>
    </ClCompile>
    <ClCompile Include="widgets\statistics\statswidget.cpp">
      <Filter>widgets\statistics</Filter>
    </ClCompile>
    <ClCompile Include="widgets\status\statusbar.cpp">
      <Filter>widgets\status</Filter>
    </ClCompile>
    <ClCompile Include="windows\game\canvas.cpp">
      <Filter>windows\game</Filter>
    </ClCompile>
    <ClCompile Include="windows\game\qtinputdelegate.cpp">
      <Filter>windows\game</Filter>
    </ClCompile>
    <ClCompile Include="windows\hierarchy\dragdropableitemmodel.cpp">
      <Filter>windows\hierarchy</Filter>
    </ClCompile>
    <ClCompile Include="windows\inspector\materialeditor.cpp">
      <Filter>windows\inspector</Filter>
    </ClCompile>
    <ClCompile Include="windows\project\directorytree.cpp">
      <Filter>windows\project</Filter>
    </ClCompile>
    <ClCompile Include="GeneratedFiles\Debug\moc_aboutdialog.cpp">
      <Filter>Generated Files\Debug</Filter>
    </ClCompile>
    <ClCompile Include="GeneratedFiles\Debug\moc_cameracontroller.cpp">
      <Filter>Generated Files\Debug</Filter>
    </ClCompile>
    <ClCompile Include="GeneratedFiles\Debug\moc_canvas.cpp">
      <Filter>Generated Files\Debug</Filter>
    </ClCompile>
    <ClCompile Include="GeneratedFiles\Debug\moc_colorfield.cpp">
      <Filter>Generated Files\Debug</Filter>
    </ClCompile>
    <ClCompile Include="GeneratedFiles\Debug\moc_colorpicker.cpp">
      <Filter>Generated Files\Debug</Filter>
    </ClCompile>
    <ClCompile Include="GeneratedFiles\Debug\moc_componentmetaobject.cpp">
      <Filter>Generated Files\Debug</Filter>
    </ClCompile>
    <ClCompile Include="GeneratedFiles\Debug\moc_directorytree.cpp">
      <Filter>Generated Files\Debug</Filter>
    </ClCompile>
    <ClCompile Include="GeneratedFiles\Debug\moc_dragdropableitemmodel.cpp">
      <Filter>Generated Files\Debug</Filter>
    </ClCompile>
    <ClCompile Include="GeneratedFiles\Debug\moc_filetreefield.cpp">
      <Filter>Generated Files\Debug</Filter>
    </ClCompile>
    <ClCompile Include="GeneratedFiles\Debug\moc_floatfield.cpp">
      <Filter>Generated Files\Debug</Filter>
    </ClCompile>
    <ClCompile Include="GeneratedFiles\Debug\moc_gaussianblur.cpp">
      <Filter>Generated Files\Debug</Filter>
    </ClCompile>
    <ClCompile Include="GeneratedFiles\Debug\moc_grayscale.cpp">
      <Filter>Generated Files\Debug</Filter>
    </ClCompile>
    <ClCompile Include="GeneratedFiles\Debug\moc_ImGuiRenderer.cpp">
      <Filter>Generated Files\Debug</Filter>
    </ClCompile>
    <ClCompile Include="GeneratedFiles\Debug\moc_intfield.cpp">
      <Filter>Generated Files\Debug</Filter>
    </ClCompile>
    <ClCompile Include="GeneratedFiles\Debug\moc_inversion.cpp">
      <Filter>Generated Files\Debug</Filter>
    </ClCompile>
    <ClCompile Include="GeneratedFiles\Debug\moc_maskfield.cpp">
      <Filter>Generated Files\Debug</Filter>
    </ClCompile>
    <ClCompile Include="GeneratedFiles\Debug\moc_popupwidget.cpp">
      <Filter>Generated Files\Debug</Filter>
    </ClCompile>
    <ClCompile Include="GeneratedFiles\Debug\moc_preferences.cpp">
      <Filter>Generated Files\Debug</Filter>
    </ClCompile>
    <ClCompile Include="GeneratedFiles\Debug\moc_qtinputdelegate.cpp">
      <Filter>Generated Files\Debug</Filter>
    </ClCompile>
    <ClCompile Include="GeneratedFiles\Debug\moc_qtviewer.cpp">
      <Filter>Generated Files\Debug</Filter>
    </ClCompile>
    <ClCompile Include="GeneratedFiles\Debug\moc_rangefield.cpp">
      <Filter>Generated Files\Debug</Filter>
    </ClCompile>
    <ClCompile Include="GeneratedFiles\Debug\moc_rectfield.cpp">
      <Filter>Generated Files\Debug</Filter>
    </ClCompile>
    <ClCompile Include="GeneratedFiles\Debug\moc_selectiongizmos.cpp">
      <Filter>Generated Files\Debug</Filter>
    </ClCompile>
    <ClCompile Include="GeneratedFiles\Debug\moc_shaderselector.cpp">
      <Filter>Generated Files\Debug</Filter>
    </ClCompile>
    <ClCompile Include="GeneratedFiles\Debug\moc_statusbar.cpp">
      <Filter>Generated Files\Debug</Filter>
    </ClCompile>
    <ClCompile Include="GeneratedFiles\Debug\moc_texturefield.cpp">
      <Filter>Generated Files\Debug</Filter>
    </ClCompile>
    <ClCompile Include="GeneratedFiles\Debug\moc_vec2field.cpp">
      <Filter>Generated Files\Debug</Filter>
    </ClCompile>
    <ClCompile Include="GeneratedFiles\Debug\moc_vec3field.cpp">
      <Filter>Generated Files\Debug</Filter>
    </ClCompile>
    <ClCompile Include="GeneratedFiles\Debug\moc_vec4field.cpp">
      <Filter>Generated Files\Debug</Filter>
    </ClCompile>
    <ClCompile Include="GeneratedFiles\Debug\moc_vecfield.cpp">
      <Filter>Generated Files\Debug</Filter>
    </ClCompile>
    <ClCompile Include="GeneratedFiles\Debug\moc_editor.cpp">
      <Filter>Generated Files\Debug</Filter>
    </ClCompile>
    <ClCompile Include="GeneratedFiles\Release\moc_editor.cpp">
      <Filter>Generated Files\Release</Filter>
    </ClCompile>
    <ClCompile Include="main\editor.cpp">
      <Filter>main</Filter>
    </ClCompile>
    <ClCompile Include="windows\console\consolewindow.cpp">
      <Filter>windows\console</Filter>
    </ClCompile>
    <ClCompile Include="windows\game\gamewindow.cpp">
      <Filter>windows\game</Filter>
    </ClCompile>
    <ClCompile Include="GeneratedFiles\Debug\moc_gamewindow.cpp">
      <Filter>Generated Files\Debug</Filter>
    </ClCompile>
    <ClCompile Include="GeneratedFiles\Release\moc_gamewindow.cpp">
      <Filter>Generated Files\Release</Filter>
    </ClCompile>
    <ClCompile Include="windows\hierarchy\hierarchywindow.cpp">
      <Filter>windows\hierarchy</Filter>
    </ClCompile>
    <ClCompile Include="GeneratedFiles\Debug\moc_hierarchywindow.cpp">
      <Filter>Generated Files\Debug</Filter>
    </ClCompile>
    <ClCompile Include="GeneratedFiles\Release\moc_hierarchywindow.cpp">
      <Filter>Generated Files\Release</Filter>
    </ClCompile>
    <ClCompile Include="windows\inspector\inspectorwindow.cpp">
      <Filter>windows\inspector</Filter>
    </ClCompile>
    <ClCompile Include="GeneratedFiles\Debug\moc_inspectorwindow.cpp">
      <Filter>Generated Files\Debug</Filter>
    </ClCompile>
    <ClCompile Include="GeneratedFiles\Release\moc_inspectorwindow.cpp">
      <Filter>Generated Files\Release</Filter>
    </ClCompile>
    <ClCompile Include="windows\lighting\lightingwindow.cpp">
      <Filter>windows\lighting</Filter>
    </ClCompile>
    <ClCompile Include="GeneratedFiles\Debug\moc_lightingwindow.cpp">
      <Filter>Generated Files\Debug</Filter>
    </ClCompile>
    <ClCompile Include="GeneratedFiles\Release\moc_lightingwindow.cpp">
      <Filter>Generated Files\Release</Filter>
    </ClCompile>
    <ClCompile Include="windows\project\projectwindow.cpp">
      <Filter>windows\project</Filter>
    </ClCompile>
    <ClCompile Include="GeneratedFiles\Debug\moc_projectwindow.cpp">
      <Filter>Generated Files\Debug</Filter>
    </ClCompile>
    <ClCompile Include="GeneratedFiles\Release\moc_projectwindow.cpp">
      <Filter>Generated Files\Release</Filter>
    </ClCompile>
    <ClCompile Include="main\childwindow.cpp">
      <Filter>main</Filter>
    </ClCompile>
    <ClCompile Include="GeneratedFiles\Debug\moc_consolewindow.cpp">
      <Filter>Generated Files\Debug</Filter>
    </ClCompile>
    <ClCompile Include="GeneratedFiles\Release\moc_consolewindow.cpp">
      <Filter>Generated Files\Release</Filter>
    </ClCompile>
    <ClCompile Include="GeneratedFiles\qrc_editor.cpp">
      <Filter>Generated Files</Filter>
    </ClCompile>
    <ClCompile Include="GeneratedFiles\Debug\moc_statswidget.cpp">
      <Filter>Generated Files\Debug</Filter>
    </ClCompile>
    <ClCompile Include="GeneratedFiles\Release\moc_statswidget.cpp">
      <Filter>Generated Files\Release</Filter>
    </ClCompile>
  </ItemGroup>
  <ItemGroup>
    <CustomBuild Include="editor.qrc">
      <Filter>resources</Filter>
    </CustomBuild>
    <CustomBuild Include="ui\aboutdialog.ui">
      <Filter>ui</Filter>
    </CustomBuild>
    <CustomBuild Include="ui\editor.ui">
      <Filter>ui</Filter>
    </CustomBuild>
    <CustomBuild Include="ui\preferences.ui">
      <Filter>ui</Filter>
    </CustomBuild>
    <CustomBuild Include="ui\statswidget.ui">
      <Filter>ui</Filter>
    </CustomBuild>
    <CustomBuild Include="ui\shaderselector.ui">
      <Filter>ui</Filter>
    </CustomBuild>
    <CustomBuild Include="gui\qtimgui\ImGuiRenderer.h">
      <Filter>gui\qtimgui</Filter>
    </CustomBuild>
    <CustomBuild Include="main\qtviewer.h">
      <Filter>main</Filter>
    </CustomBuild>
    <CustomBuild Include="main\editor.h">
      <Filter>main</Filter>
    </CustomBuild>
    <CustomBuild Include="scripts\selectiongizmos.h">
      <Filter>scripts</Filter>
    </CustomBuild>
    <CustomBuild Include="scripts\inversion.h">
      <Filter>scripts</Filter>
    </CustomBuild>
    <CustomBuild Include="scripts\grayscale.h">
      <Filter>scripts</Filter>
    </CustomBuild>
    <CustomBuild Include="scripts\gaussianblur.h">
      <Filter>scripts</Filter>
    </CustomBuild>
    <CustomBuild Include="scripts\cameracontroller.h">
      <Filter>scripts</Filter>
    </CustomBuild>
    <CustomBuild Include="widgets\dialogs\preferences.h">
      <Filter>widgets\dialogs</Filter>
    </CustomBuild>
    <CustomBuild Include="widgets\dialogs\popupwidget.h">
      <Filter>widgets\dialogs</Filter>
    </CustomBuild>
    <CustomBuild Include="widgets\dialogs\colorpicker.h">
      <Filter>widgets\dialogs</Filter>
    </CustomBuild>
    <CustomBuild Include="widgets\dialogs\aboutdialog.h">
      <Filter>widgets\dialogs</Filter>
    </CustomBuild>
    <CustomBuild Include="widgets\dialogs\shaderselector.h">
      <Filter>widgets\dialogs</Filter>
    </CustomBuild>
    <CustomBuild Include="widgets\fields\vecfield.h">
      <Filter>widgets\fields</Filter>
    </CustomBuild>
    <CustomBuild Include="widgets\fields\colorfield.h">
      <Filter>widgets\fields</Filter>
    </CustomBuild>
    <CustomBuild Include="widgets\fields\filetreefield.h">
      <Filter>widgets\fields</Filter>
    </CustomBuild>
    <CustomBuild Include="widgets\fields\floatfield.h">
      <Filter>widgets\fields</Filter>
    </CustomBuild>
    <CustomBuild Include="widgets\fields\intfield.h">
      <Filter>widgets\fields</Filter>
    </CustomBuild>
    <CustomBuild Include="widgets\fields\rangefield.h">
      <Filter>widgets\fields</Filter>
    </CustomBuild>
    <CustomBuild Include="widgets\fields\maskfield.h">
      <Filter>widgets\fields</Filter>
    </CustomBuild>
    <CustomBuild Include="widgets\fields\rectfield.h">
      <Filter>widgets\fields</Filter>
    </CustomBuild>
    <CustomBuild Include="widgets\fields\texturefield.h">
      <Filter>widgets\fields</Filter>
    </CustomBuild>
    <CustomBuild Include="widgets\fields\vec2field.h">
      <Filter>widgets\fields</Filter>
    </CustomBuild>
    <CustomBuild Include="widgets\fields\vec3field.h">
      <Filter>widgets\fields</Filter>
    </CustomBuild>
    <CustomBuild Include="widgets\fields\vec4field.h">
      <Filter>widgets\fields</Filter>
    </CustomBuild>
    <CustomBuild Include="widgets\status\statusbar.h">
      <Filter>widgets\status</Filter>
    </CustomBuild>
    <CustomBuild Include="windows\game\qtinputdelegate.h">
      <Filter>windows\game</Filter>
    </CustomBuild>
    <CustomBuild Include="windows\game\canvas.h">
      <Filter>windows\game</Filter>
    </CustomBuild>
    <CustomBuild Include="windows\hierarchy\dragdropableitemmodel.h">
      <Filter>windows\hierarchy</Filter>
    </CustomBuild>
    <CustomBuild Include="windows\inspector\custom\componentmetaobject.h">
      <Filter>windows\inspector\custom</Filter>
    </CustomBuild>
    <CustomBuild Include="windows\project\directorytree.h">
      <Filter>windows\project</Filter>
    </CustomBuild>
    <CustomBuild Include="windows\console\consolewindow.h">
      <Filter>windows\console</Filter>
    </CustomBuild>
    <CustomBuild Include="windows\game\gamewindow.h">
      <Filter>windows\game</Filter>
    </CustomBuild>
    <CustomBuild Include="windows\hierarchy\hierarchywindow.h">
      <Filter>windows\hierarchy</Filter>
    </CustomBuild>
    <CustomBuild Include="windows\inspector\inspectorwindow.h">
      <Filter>windows\inspector</Filter>
    </CustomBuild>
    <CustomBuild Include="windows\lighting\lightingwindow.h">
      <Filter>windows\lighting</Filter>
    </CustomBuild>
    <CustomBuild Include="windows\project\projectwindow.h">
      <Filter>windows\project</Filter>
    </CustomBuild>
    <CustomBuild Include="scripts\grayscale.cpp">
      <Filter>scripts</Filter>
    </CustomBuild>
    <CustomBuild Include="widgets\statistics\statswidget.h">
      <Filter>widgets\statistics</Filter>
    </CustomBuild>
  </ItemGroup>
  <ItemGroup>
    <ClInclude Include="gui\qtimgui\QtImGui.h">
      <Filter>gui\qtimgui</Filter>
    </ClInclude>
    <ClInclude Include="main\prefs.h">
      <Filter>main</Filter>
    </ClInclude>
    <ClInclude Include="widgets\fields\enumfield.h">
      <Filter>widgets\fields</Filter>
    </ClInclude>
    <ClInclude Include="windows\inspector\materialeditor.h">
      <Filter>windows\inspector</Filter>
    </ClInclude>
    <ClInclude Include="main\childwindow.h">
      <Filter>main</Filter>
    </ClInclude>
  </ItemGroup>
  <ItemGroup>
    <None Include="resources\shaders\grayscale.shader">
      <Filter>resources\shaders</Filter>
    </None>
    <None Include="resources\shaders\inversion.shader">
      <Filter>resources\shaders</Filter>
    </None>
    <None Include="resources\shaders\xray.shader">
      <Filter>resources\shaders</Filter>
    </None>
    <None Include="resources\qss\style.qss">
      <Filter>resources\qss</Filter>
    </None>
    <None Include="resources\shaders\builtin\blit.shader">
      <Filter>resources\shaders\builtin</Filter>
    </None>
    <None Include="resources\shaders\builtin\decal.shader">
      <Filter>resources\shaders\builtin</Filter>
    </None>
    <None Include="resources\shaders\builtin\depth.shader">
      <Filter>resources\shaders\builtin</Filter>
    </None>
    <None Include="resources\shaders\builtin\directional_light_depth.shader">
      <Filter>resources\shaders\builtin</Filter>
    </None>
    <None Include="resources\shaders\builtin\gbuffer.shader">
      <Filter>resources\shaders\builtin</Filter>
    </None>
    <None Include="resources\shaders\builtin\gizmos.shader">
      <Filter>resources\shaders\builtin</Filter>
    </None>
    <None Include="resources\shaders\builtin\lit_animated_texture.shader">
      <Filter>resources\shaders\builtin</Filter>
    </None>
    <None Include="resources\shaders\builtin\lit_bumped_texture.shader">
      <Filter>resources\shaders\builtin</Filter>
    </None>
    <None Include="resources\shaders\builtin\lit_texture.shader">
      <Filter>resources\shaders\builtin</Filter>
    </None>
    <None Include="resources\shaders\builtin\particle.shader">
      <Filter>resources\shaders\builtin</Filter>
    </None>
    <None Include="resources\shaders\builtin\skybox.shader">
      <Filter>resources\shaders\builtin</Filter>
    </None>
    <None Include="resources\shaders\builtin\unlit_texture.shader">
      <Filter>resources\shaders\builtin</Filter>
    </None>
    <None Include="resources\shaders\builtin\include\suede.inc">
      <Filter>resources\shaders\builtin\include</Filter>
    </None>
    <None Include="resources\shaders\builtin\include\lit_fragment.inc">
      <Filter>resources\shaders\builtin\include</Filter>
    </None>
    <None Include="resources\shaders\builtin\include\lit_vertex.inc">
      <Filter>resources\shaders\builtin\include</Filter>
    </None>
    <None Include="resources\shaders\gaussianblur.shader">
      <Filter>resources\shaders</Filter>
    </None>
    <None Include="resources\shaders\builtin\ssao.shader">
      <Filter>resources\shaders\builtin</Filter>
    </None>
    <None Include="resources\shaders\builtin\include\post_effect_vertex_tex.inc">
      <Filter>resources\shaders\builtin\include</Filter>
    </None>
    <None Include="resources\shaders\builtin\include\post_effect_vertex.inc">
      <Filter>resources\shaders\builtin\include</Filter>
    </None>
    <None Include="resources\shaders\builtin\ssao_traversal.shader">
      <Filter>resources\shaders\builtin</Filter>
    </None>
    <None Include="resources\shaders\builtin\normal_visualizer.shader">
      <Filter>resources\shaders\builtin</Filter>
    </None>
    <None Include="resources\lua\main.lua">
      <Filter>resources\lua</Filter>
    </None>
    <None Include="resources\shaders\builtin\lit_parallactic_texture.shader">
      <Filter>resources\shaders\builtin</Filter>
    </None>
  </ItemGroup>
  <ItemGroup>
    <ResourceCompile Include="resources\winrc\res.rc">
      <Filter>resources\winrc</Filter>
    </ResourceCompile>
  </ItemGroup>
</Project>