<?xml version="1.0" encoding="utf-8"?>
<Project ToolsVersion="4.0" xmlns="http://schemas.microsoft.com/developer/msbuild/2003">
  <ItemGroup>
    <Filter Include="scanner">
      <UniqueIdentifier>{15e7854f-fbd0-454f-b8ac-a663bdf9415d}</UniqueIdentifier>
    </Filter>
    <Filter Include="parser">
      <UniqueIdentifier>{bed9a7d7-b6ed-4cc1-84bd-f2b039c9d83b}</UniqueIdentifier>
    </Filter>
    <Filter Include="include">
      <UniqueIdentifier>{ebd95411-c677-423c-86eb-995e850a87a6}</UniqueIdentifier>
    </Filter>
    <Filter Include="src">
      <UniqueIdentifier>{e093544b-f531-469b-8887-a1ce0e930567}</UniqueIdentifier>
    </Filter>
    <Filter Include="serializer">
      <UniqueIdentifier>{2ceb7306-1c56-413f-892e-b5786c9ed69e}</UniqueIdentifier>
    </Filter>
    <Filter Include="grammar">
      <UniqueIdentifier>{1d10426d-c2cf-4e6d-8473-1aa2cda7bd6f}</UniqueIdentifier>
    </Filter>
  </ItemGroup>
  <ItemGroup>
    <ClInclude Include="include\syntaxtree.h">
      <Filter>include</Filter>
    </ClInclude>
    <ClInclude Include="include\glef.h">
      <Filter>include</Filter>
    </ClInclude>
    <ClInclude Include="include\glefdefines.h">
      <Filter>include</Filter>
    </ClInclude>
    <ClInclude Include="grammar\grammarsymbol.h">
      <Filter>grammar</Filter>
    </ClInclude>
    <ClInclude Include="grammar\grammar.h">
      <Filter>grammar</Filter>
    </ClInclude>
    <ClInclude Include="grammar\glefgrammar.h">
      <Filter>grammar</Filter>
    </ClInclude>
    <ClInclude Include="grammar\action.h">
      <Filter>grammar</Filter>
    </ClInclude>
    <ClInclude Include="grammar\language.h">
      <Filter>grammar</Filter>
    </ClInclude>
    <ClInclude Include="parser\lalr.h">
      <Filter>parser</Filter>
    </ClInclude>
    <ClInclude Include="parser\lr0.h">
      <Filter>parser</Filter>
    </ClInclude>
    <ClInclude Include="parser\lr1.h">
      <Filter>parser</Filter>
    </ClInclude>
    <ClInclude Include="parser\lrimpl.h">
      <Filter>parser</Filter>
    </ClInclude>
    <ClInclude Include="parser\lrparser.h">
      <Filter>parser</Filter>
    </ClInclude>
    <ClInclude Include="parser\lrtable.h">
      <Filter>parser</Filter>
    </ClInclude>
    <ClInclude Include="parser\mathexpr.h">
      <Filter>parser</Filter>
    </ClInclude>
    <ClInclude Include="parser\parser.h">
      <Filter>parser</Filter>
    </ClInclude>
    <ClInclude Include="parser\syntaxer.h">
      <Filter>parser</Filter>
    </ClInclude>
    <ClInclude Include="scanner\scanner.h">
      <Filter>scanner</Filter>
    </ClInclude>
    <ClInclude Include="scanner\tokendefine.h">
      <Filter>scanner</Filter>
    </ClInclude>
    <ClInclude Include="scanner\tokens.h">
      <Filter>scanner</Filter>
    </ClInclude>
    <ClInclude Include="serializer\serializer.h">
      <Filter>serializer</Filter>
    </ClInclude>
  </ItemGroup>
  <ItemGroup>
    <ClCompile Include="src\syntaxtree.cpp">
      <Filter>src</Filter>
    </ClCompile>
    <ClCompile Include="src\glef.cpp">
      <Filter>src</Filter>
    </ClCompile>
    <ClCompile Include="grammar\action.cpp">
      <Filter>grammar</Filter>
    </ClCompile>
    <ClCompile Include="grammar\grammar.cpp">
      <Filter>grammar</Filter>
    </ClCompile>
    <ClCompile Include="grammar\grammarsymbol.cpp">
      <Filter>grammar</Filter>
    </ClCompile>
    <ClCompile Include="grammar\language.cpp">
      <Filter>grammar</Filter>
    </ClCompile>
    <ClCompile Include="parser\lalr.cpp">
      <Filter>parser</Filter>
    </ClCompile>
    <ClCompile Include="parser\lr0.cpp">
      <Filter>parser</Filter>
    </ClCompile>
    <ClCompile Include="parser\lr1.cpp">
      <Filter>parser</Filter>
    </ClCompile>
    <ClCompile Include="parser\lrimpl.cpp">
      <Filter>parser</Filter>
    </ClCompile>
    <ClCompile Include="parser\lrparser.cpp">
      <Filter>parser</Filter>
    </ClCompile>
    <ClCompile Include="parser\lrtable.cpp">
      <Filter>parser</Filter>
    </ClCompile>
    <ClCompile Include="parser\mathexpr.cpp">
      <Filter>parser</Filter>
    </ClCompile>
    <ClCompile Include="parser\parser.cpp">
      <Filter>parser</Filter>
    </ClCompile>
    <ClCompile Include="parser\syntaxer.cpp">
      <Filter>parser</Filter>
    </ClCompile>
    <ClCompile Include="scanner\scanner.cpp">
      <Filter>scanner</Filter>
    </ClCompile>
    <ClCompile Include="scanner\tokens.cpp">
      <Filter>scanner</Filter>
    </ClCompile>
    <ClCompile Include="serializer\serializer.cpp">
      <Filter>serializer</Filter>
    </ClCompile>
  </ItemGroup>
</Project>