<?xml version="1.0" encoding="utf-8"?>
<Project ToolsVersion="4.0" xmlns="http://schemas.microsoft.com/developer/msbuild/2003">
  <ItemGroup>
    <Filter Include="scanner">
      <UniqueIdentifier>{15e7854f-fbd0-454f-b8ac-a663bdf9415d}</UniqueIdentifier>
    </Filter>
    <Filter Include="parser">
      <UniqueIdentifier>{bed9a7d7-b6ed-4cc1-84bd-f2b039c9d83b}</UniqueIdentifier>
    </Filter>
    <Filter Include="parser\include">
      <UniqueIdentifier>{2ae6e0d8-e830-4a7c-8546-accb92515856}</UniqueIdentifier>
    </Filter>
    <Filter Include="parser\src">
      <UniqueIdentifier>{0538c781-feb7-4bce-9b34-2a606ca8afb7}</UniqueIdentifier>
    </Filter>
    <Filter Include="scanner\include">
      <UniqueIdentifier>{a38cdc06-096e-479d-a5b9-ba71d616c8ad}</UniqueIdentifier>
    </Filter>
    <Filter Include="scanner\src">
      <UniqueIdentifier>{e0048f5f-8a47-4e23-a89e-81f3831ad958}</UniqueIdentifier>
    </Filter>
    <Filter Include="include">
      <UniqueIdentifier>{ebd95411-c677-423c-86eb-995e850a87a6}</UniqueIdentifier>
    </Filter>
    <Filter Include="src">
      <UniqueIdentifier>{e093544b-f531-469b-8887-a1ce0e930567}</UniqueIdentifier>
    </Filter>
  </ItemGroup>
  <ItemGroup>
    <ClInclude Include="parser\action.h">
      <Filter>parser\include</Filter>
    </ClInclude>
    <ClInclude Include="parser\grammar.h">
      <Filter>parser\include</Filter>
    </ClInclude>
    <ClInclude Include="parser\lalr.h">
      <Filter>parser\include</Filter>
    </ClInclude>
    <ClInclude Include="parser\lr0.h">
      <Filter>parser\include</Filter>
    </ClInclude>
    <ClInclude Include="parser\lr1.h">
      <Filter>parser\include</Filter>
    </ClInclude>
    <ClInclude Include="parser\parser.h">
      <Filter>parser\include</Filter>
    </ClInclude>
    <ClInclude Include="parser\serializer.h">
      <Filter>parser\include</Filter>
    </ClInclude>
    <ClInclude Include="parser\syntaxer.h">
      <Filter>parser\include</Filter>
    </ClInclude>
    <ClInclude Include="parser\table.h">
      <Filter>parser\include</Filter>
    </ClInclude>
    <ClInclude Include="scanner\scanner.h">
      <Filter>scanner\include</Filter>
    </ClInclude>
    <ClInclude Include="scanner\tokens.h">
      <Filter>scanner\include</Filter>
    </ClInclude>
    <ClInclude Include="include\language.h">
      <Filter>include</Filter>
    </ClInclude>
    <ClInclude Include="include\compilerdefines.h">
      <Filter>include</Filter>
    </ClInclude>
    <ClInclude Include="include\syntaxtree.h">
      <Filter>include</Filter>
    </ClInclude>
    <ClInclude Include="parser\grammarsymbol.h">
      <Filter>parser\include</Filter>
    </ClInclude>
    <ClInclude Include="parser\lrimpl.h">
      <Filter>parser\include</Filter>
    </ClInclude>
    <ClInclude Include="parser\lrparser.h">
      <Filter>parser\include</Filter>
    </ClInclude>
    <ClInclude Include="parser\lrtable.h">
      <Filter>parser\include</Filter>
    </ClInclude>
    <ClInclude Include="scanner\tokendefine.h">
      <Filter>scanner\include</Filter>
    </ClInclude>
    <ClInclude Include="parser\matrix.h">
      <Filter>parser\include</Filter>
    </ClInclude>
    <ClInclude Include="parser\referencecountable.h">
      <Filter>parser\include</Filter>
    </ClInclude>
    <ClInclude Include="parser\tableprinter.h">
      <Filter>parser\include</Filter>
    </ClInclude>
  </ItemGroup>
  <ItemGroup>
    <ClCompile Include="parser\action.cpp">
      <Filter>parser\src</Filter>
    </ClCompile>
    <ClCompile Include="parser\grammar.cpp">
      <Filter>parser\src</Filter>
    </ClCompile>
    <ClCompile Include="parser\lalr.cpp">
      <Filter>parser\src</Filter>
    </ClCompile>
    <ClCompile Include="parser\lr0.cpp">
      <Filter>parser\src</Filter>
    </ClCompile>
    <ClCompile Include="parser\lr1.cpp">
      <Filter>parser\src</Filter>
    </ClCompile>
    <ClCompile Include="parser\parser.cpp">
      <Filter>parser\src</Filter>
    </ClCompile>
    <ClCompile Include="parser\serializer.cpp">
      <Filter>parser\src</Filter>
    </ClCompile>
    <ClCompile Include="parser\syntaxer.cpp">
      <Filter>parser\src</Filter>
    </ClCompile>
    <ClCompile Include="scanner\tokens.cpp">
      <Filter>scanner\src</Filter>
    </ClCompile>
    <ClCompile Include="scanner\scanner.cpp">
      <Filter>scanner\src</Filter>
    </ClCompile>
    <ClCompile Include="src\language.cpp">
      <Filter>src</Filter>
    </ClCompile>
    <ClCompile Include="parser\grammarsymbol.cpp">
      <Filter>parser\src</Filter>
    </ClCompile>
    <ClCompile Include="parser\lrimpl.cpp">
      <Filter>parser\src</Filter>
    </ClCompile>
    <ClCompile Include="parser\lrparser.cpp">
      <Filter>parser\src</Filter>
    </ClCompile>
    <ClCompile Include="parser\lrtable.cpp">
      <Filter>parser\src</Filter>
    </ClCompile>
    <ClCompile Include="src\syntaxtree.cpp">
      <Filter>src</Filter>
    </ClCompile>
    <ClCompile Include="parser\referencecountable.cpp">
      <Filter>parser\src</Filter>
    </ClCompile>
    <ClCompile Include="parser\tableprinter.cpp">
      <Filter>parser\src</Filter>
    </ClCompile>
  </ItemGroup>
</Project>