<?xml version="1.0" encoding="utf-8"?>
<Project ToolsVersion="4.0" xmlns="http://schemas.microsoft.com/developer/msbuild/2003">
  <ItemGroup>
    <Filter Include="debug">
      <UniqueIdentifier>{99df00b1-c686-48a7-8681-5ad5a811cd9c}</UniqueIdentifier>
    </Filter>
    <Filter Include="containers">
      <UniqueIdentifier>{e81024b3-0fc1-4ba9-a4aa-28f37d6645d5}</UniqueIdentifier>
    </Filter>
    <Filter Include="memory">
      <UniqueIdentifier>{b1503456-2b23-4217-accc-7d43af140a5f}</UniqueIdentifier>
    </Filter>
    <Filter Include="tools">
      <UniqueIdentifier>{e15e866e-33ff-4356-85ec-2f1956975af6}</UniqueIdentifier>
    </Filter>
    <Filter Include="os">
      <UniqueIdentifier>{14c2156f-0894-4cbc-b88e-180c84ebc719}</UniqueIdentifier>
    </Filter>
    <Filter Include="math">
      <UniqueIdentifier>{3ac54935-ec0c-4e84-bba8-e7ce596254c8}</UniqueIdentifier>
    </Filter>
  </ItemGroup>
  <ItemGroup>
    <ClInclude Include="types.h" />
    <ClInclude Include="containers\freelist.h">
      <Filter>containers</Filter>
    </ClInclude>
    <ClInclude Include="containers\ptrmap.h">
      <Filter>containers</Filter>
    </ClInclude>
    <ClInclude Include="containers\sortedvector.h">
      <Filter>containers</Filter>
    </ClInclude>
    <ClInclude Include="containers\table.h">
      <Filter>containers</Filter>
    </ClInclude>
    <ClInclude Include="debug\debug.h">
      <Filter>debug</Filter>
    </ClInclude>
    <ClInclude Include="debug\stackwalker.h">
      <Filter>debug</Filter>
    </ClInclude>
    <ClInclude Include="math\mathf.h">
      <Filter>math</Filter>
    </ClInclude>
    <ClInclude Include="math\matrix4.h">
      <Filter>math</Filter>
    </ClInclude>
    <ClInclude Include="math\quaternion.h">
      <Filter>math</Filter>
    </ClInclude>
    <ClInclude Include="math\vector2.h">
      <Filter>math</Filter>
    </ClInclude>
    <ClInclude Include="math\vector3.h">
      <Filter>math</Filter>
    </ClInclude>
    <ClInclude Include="math\vector4.h">
      <Filter>math</Filter>
    </ClInclude>
    <ClInclude Include="os\filesystem.h">
      <Filter>os</Filter>
    </ClInclude>
    <ClInclude Include="tools\typeid.h">
      <Filter>tools</Filter>
    </ClInclude>
    <ClInclude Include="tools\dirtybits.h">
      <Filter>tools</Filter>
    </ClInclude>
    <ClInclude Include="tools\enum.h">
      <Filter>tools</Filter>
    </ClInclude>
    <ClInclude Include="tools\noncopyable.h">
      <Filter>tools</Filter>
    </ClInclude>
    <ClInclude Include="tools\pimplidiom.h">
      <Filter>tools</Filter>
    </ClInclude>
    <ClInclude Include="tools\singleton.h">
      <Filter>tools</Filter>
    </ClInclude>
    <ClInclude Include="tools\string.h">
      <Filter>tools</Filter>
    </ClInclude>
    <ClInclude Include="tools\random.h">
      <Filter>math</Filter>
    </ClInclude>
    <ClInclude Include="memory\refptr.h">
      <Filter>memory</Filter>
    </ClInclude>
    <ClInclude Include="tools\event.h">
      <Filter>tools</Filter>
    </ClInclude>
  </ItemGroup>
  <ItemGroup>
    <ClCompile Include="debug\debug.cpp">
      <Filter>debug</Filter>
    </ClCompile>
    <ClCompile Include="debug\stackwalker.cpp">
      <Filter>debug</Filter>
    </ClCompile>
    <ClCompile Include="math\matrix4.cpp">
      <Filter>math</Filter>
    </ClCompile>
    <ClCompile Include="math\quaternion.cpp">
      <Filter>math</Filter>
    </ClCompile>
    <ClCompile Include="math\vector2.cpp">
      <Filter>math</Filter>
    </ClCompile>
    <ClCompile Include="math\vector3.cpp">
      <Filter>math</Filter>
    </ClCompile>
    <ClCompile Include="math\vector4.cpp">
      <Filter>math</Filter>
    </ClCompile>
    <ClCompile Include="os\filesystem.cpp">
      <Filter>os</Filter>
    </ClCompile>
    <ClCompile Include="tools\string.cpp">
      <Filter>tools</Filter>
    </ClCompile>
    <ClCompile Include="math\mathf.cpp">
      <Filter>math</Filter>
    </ClCompile>
  </ItemGroup>
</Project>