<?xml version="1.0" encoding="utf-8"?>
<Project ToolsVersion="4.0" xmlns="http://schemas.microsoft.com/developer/msbuild/2003">
  <ItemGroup>
    <Filter Include="Generated Files">
      <UniqueIdentifier>{71ED8ED8-ACB9-4CE9-BBE1-E00B30144E11}</UniqueIdentifier>
      <Extensions>moc;h;cpp</Extensions>
      <SourceControlFiles>False</SourceControlFiles>
    </Filter>
    <Filter Include="Generated Files\Debug">
      <UniqueIdentifier>{402f3300-9718-425e-ae2a-09de1f08b65e}</UniqueIdentifier>
      <Extensions>cpp;moc</Extensions>
      <SourceControlFiles>False</SourceControlFiles>
    </Filter>
    <Filter Include="Generated Files\Release">
      <UniqueIdentifier>{efaaf5fe-4bac-4b51-b5b5-11101849618f}</UniqueIdentifier>
      <Extensions>cpp;moc</Extensions>
      <SourceControlFiles>False</SourceControlFiles>
    </Filter>
    <Filter Include="resources">
      <UniqueIdentifier>{D9D6E242-F8AF-46E4-B9FD-80ECBC20BA3E}</UniqueIdentifier>
      <Extensions>qrc;*</Extensions>
      <ParseFiles>false</ParseFiles>
    </Filter>
    <Filter Include="ui">
      <UniqueIdentifier>{99349809-55BA-4b9d-BF79-8FDBB0286EB3}</UniqueIdentifier>
      <Extensions>ui</Extensions>
    </Filter>
    <Filter Include="resources\buildin">
      <UniqueIdentifier>{ef71728c-0118-4a07-ba75-c636b628828c}</UniqueIdentifier>
    </Filter>
    <Filter Include="resources\buildin\shaders">
      <UniqueIdentifier>{7799e13f-e719-497a-b633-ff8c543af3e9}</UniqueIdentifier>
    </Filter>
    <Filter Include="scripts">
      <UniqueIdentifier>{d9d38ab5-25a0-4526-8735-dbceb209adba}</UniqueIdentifier>
    </Filter>
    <Filter Include="scripts\include">
      <UniqueIdentifier>{82c9ccf8-a40a-49f9-bdf3-b19e9dbf76ef}</UniqueIdentifier>
    </Filter>
    <Filter Include="scripts\src">
      <UniqueIdentifier>{dfce4a84-8832-4749-b332-0fdd5a01e4e8}</UniqueIdentifier>
    </Filter>
    <Filter Include="resources\buildin\shaders\include">
      <UniqueIdentifier>{d4b000e9-5adc-4391-a49a-d9fb0bfbc95b}</UniqueIdentifier>
    </Filter>
    <Filter Include="resources\shaders">
      <UniqueIdentifier>{cda91b8e-50f4-4c01-a697-db1bad03772d}</UniqueIdentifier>
    </Filter>
    <Filter Include="resources\shaders\include">
      <UniqueIdentifier>{293ae9ed-e6bb-4edb-878e-204ffb3e8ba9}</UniqueIdentifier>
    </Filter>
    <Filter Include="main">
      <UniqueIdentifier>{dc1b67d3-19aa-4507-9fbb-e436e116b57b}</UniqueIdentifier>
    </Filter>
    <Filter Include="main\include">
      <UniqueIdentifier>{680e88f9-79c4-4102-9a2d-3127fb544195}</UniqueIdentifier>
    </Filter>
    <Filter Include="main\src">
      <UniqueIdentifier>{317e476b-2a27-4789-807c-7898c43a4ae1}</UniqueIdentifier>
    </Filter>
    <Filter Include="windows">
      <UniqueIdentifier>{b2387caa-cad8-41c5-b0b7-574d52dbdb14}</UniqueIdentifier>
    </Filter>
    <Filter Include="resources\winrc">
      <UniqueIdentifier>{311718b2-a96d-4bbd-a172-5156996483a4}</UniqueIdentifier>
    </Filter>
    <Filter Include="resources\qss">
      <UniqueIdentifier>{f5285957-7c63-4bb1-b7c8-39412e92e3eb}</UniqueIdentifier>
    </Filter>
    <Filter Include="windows\console">
      <UniqueIdentifier>{53e12b98-f85e-4690-8015-8c36a57af3fb}</UniqueIdentifier>
    </Filter>
    <Filter Include="windows\controls">
      <UniqueIdentifier>{412ad60b-716b-447f-9863-626339a2f8d7}</UniqueIdentifier>
    </Filter>
    <Filter Include="windows\game">
      <UniqueIdentifier>{dbc1ae30-795b-4a8a-9865-e0f2ef4b870c}</UniqueIdentifier>
    </Filter>
    <Filter Include="windows\hierarchy">
      <UniqueIdentifier>{9f57e7fa-f10a-4868-966b-c939b4adc4f7}</UniqueIdentifier>
    </Filter>
    <Filter Include="windows\inspector">
      <UniqueIdentifier>{2d83e312-8d09-48b3-8eed-83acf55aacdc}</UniqueIdentifier>
    </Filter>
    <Filter Include="windows\console\include">
      <UniqueIdentifier>{43837287-dd5d-4941-bd1c-3e95cc4c575b}</UniqueIdentifier>
    </Filter>
    <Filter Include="windows\controls\include">
      <UniqueIdentifier>{421b6cb8-6cd9-4b54-97be-b28145c97827}</UniqueIdentifier>
    </Filter>
    <Filter Include="windows\game\include">
      <UniqueIdentifier>{c922873b-9813-4e30-976d-399197e7f3da}</UniqueIdentifier>
    </Filter>
    <Filter Include="windows\hierarchy\include">
      <UniqueIdentifier>{34fc0604-ab20-4e18-985b-7a4945fd7b56}</UniqueIdentifier>
    </Filter>
    <Filter Include="windows\inspector\include">
      <UniqueIdentifier>{0ceb53db-54ae-490d-bf2c-266cd943da84}</UniqueIdentifier>
    </Filter>
    <Filter Include="windows\console\src">
      <UniqueIdentifier>{3942be14-6513-4843-8e5b-3eacc0708945}</UniqueIdentifier>
    </Filter>
    <Filter Include="windows\controls\src">
      <UniqueIdentifier>{20cecae9-657a-4a81-a573-420b259fece2}</UniqueIdentifier>
    </Filter>
    <Filter Include="windows\game\src">
      <UniqueIdentifier>{ec41d563-7124-49ae-8925-8014870c2958}</UniqueIdentifier>
    </Filter>
    <Filter Include="windows\hierarchy\src">
      <UniqueIdentifier>{fe91196a-ab9e-4462-b0a2-906090bc7da5}</UniqueIdentifier>
    </Filter>
    <Filter Include="windows\inspector\src">
      <UniqueIdentifier>{c4061003-9ac8-47c2-8320-116f689d2ecd}</UniqueIdentifier>
    </Filter>
    <Filter Include="windows\inspector\custom">
      <UniqueIdentifier>{43ac319b-e4d5-422d-a1ce-8863a5125c26}</UniqueIdentifier>
    </Filter>
    <Filter Include="windows\inspector\custom\include">
      <UniqueIdentifier>{83d42b6f-29f7-4a33-9aeb-e48421309e33}</UniqueIdentifier>
    </Filter>
    <Filter Include="windows\inspector\custom\src">
      <UniqueIdentifier>{08948759-06ff-4f97-9641-fe3af5014b10}</UniqueIdentifier>
    </Filter>
  </ItemGroup>
  <ItemGroup>
    <ClCompile Include="scripts\cameracontroller.cpp">
      <Filter>scripts\src</Filter>
    </ClCompile>
    <ClCompile Include="main\suede.cpp">
      <Filter>main\src</Filter>
    </ClCompile>
    <ClCompile Include="main\main.cpp">
      <Filter>main\src</Filter>
    </ClCompile>
    <ClCompile Include="GeneratedFiles\Debug\moc_suede.cpp">
      <Filter>Generated Files\Debug</Filter>
    </ClCompile>
    <ClCompile Include="GeneratedFiles\Release\moc_suede.cpp">
      <Filter>Generated Files\Release</Filter>
    </ClCompile>
    <ClCompile Include="GeneratedFiles\qrc_suede.cpp">
      <Filter>Generated Files</Filter>
    </ClCompile>
    <ClCompile Include="GeneratedFiles\Debug\moc_console.cpp">
      <Filter>Generated Files\Debug</Filter>
    </ClCompile>
    <ClCompile Include="GeneratedFiles\Release\moc_console.cpp">
      <Filter>Generated Files\Release</Filter>
    </ClCompile>
    <ClCompile Include="windows\console\console.cpp">
      <Filter>windows\console\src</Filter>
    </ClCompile>
    <ClCompile Include="GeneratedFiles\Debug\moc_canvas.cpp">
      <Filter>Generated Files\Debug</Filter>
    </ClCompile>
    <ClCompile Include="GeneratedFiles\Release\moc_canvas.cpp">
      <Filter>Generated Files\Release</Filter>
    </ClCompile>
    <ClCompile Include="GeneratedFiles\Debug\moc_floatslider.cpp">
      <Filter>Generated Files\Debug</Filter>
    </ClCompile>
    <ClCompile Include="GeneratedFiles\Release\moc_floatslider.cpp">
      <Filter>Generated Files\Release</Filter>
    </ClCompile>
    <ClCompile Include="GeneratedFiles\Debug\moc_labeltexture.cpp">
      <Filter>Generated Files\Debug</Filter>
    </ClCompile>
    <ClCompile Include="GeneratedFiles\Release\moc_labeltexture.cpp">
      <Filter>Generated Files\Release</Filter>
    </ClCompile>
    <ClCompile Include="windows\controls\canvas.cpp">
      <Filter>windows\controls\src</Filter>
    </ClCompile>
    <ClCompile Include="windows\controls\childwindow.cpp">
      <Filter>windows\controls\src</Filter>
    </ClCompile>
    <ClCompile Include="windows\controls\floatslider.cpp">
      <Filter>windows\controls\src</Filter>
    </ClCompile>
    <ClCompile Include="windows\controls\labeltexture.cpp">
      <Filter>windows\controls\src</Filter>
    </ClCompile>
    <ClCompile Include="GeneratedFiles\Debug\moc_game.cpp">
      <Filter>Generated Files\Debug</Filter>
    </ClCompile>
    <ClCompile Include="GeneratedFiles\Release\moc_game.cpp">
      <Filter>Generated Files\Release</Filter>
    </ClCompile>
    <ClCompile Include="windows\game\game.cpp">
      <Filter>windows\game\src</Filter>
    </ClCompile>
    <ClCompile Include="GeneratedFiles\Debug\moc_hierarchy.cpp">
      <Filter>Generated Files\Debug</Filter>
    </ClCompile>
    <ClCompile Include="GeneratedFiles\Release\moc_hierarchy.cpp">
      <Filter>Generated Files\Release</Filter>
    </ClCompile>
    <ClCompile Include="windows\hierarchy\hierarchy.cpp">
      <Filter>windows\hierarchy\src</Filter>
    </ClCompile>
    <ClCompile Include="GeneratedFiles\Debug\moc_inspector.cpp">
      <Filter>Generated Files\Debug</Filter>
    </ClCompile>
    <ClCompile Include="GeneratedFiles\Release\moc_inspector.cpp">
      <Filter>Generated Files\Release</Filter>
    </ClCompile>
    <ClCompile Include="windows\inspector\custom\camerainspector.cpp">
      <Filter>windows\inspector\custom\src</Filter>
    </ClCompile>
    <ClCompile Include="windows\inspector\inspector.cpp">
      <Filter>windows\inspector\src</Filter>
    </ClCompile>
    <ClCompile Include="GeneratedFiles\Debug\moc_camerainspector.cpp">
      <Filter>Generated Files\Debug</Filter>
    </ClCompile>
    <ClCompile Include="GeneratedFiles\Release\moc_camerainspector.cpp">
      <Filter>Generated Files\Release</Filter>
    </ClCompile>
    <ClCompile Include="GeneratedFiles\Debug\moc_projectorinspector.cpp">
      <Filter>Generated Files\Debug</Filter>
    </ClCompile>
    <ClCompile Include="GeneratedFiles\Release\moc_projectorinspector.cpp">
      <Filter>Generated Files\Release</Filter>
    </ClCompile>
    <ClCompile Include="windows\inspector\custom\projectorinspector.cpp">
      <Filter>windows\inspector\custom\src</Filter>
    </ClCompile>
    <ClCompile Include="GeneratedFiles\Debug\moc_meshinspector.cpp">
      <Filter>Generated Files\Debug</Filter>
    </ClCompile>
    <ClCompile Include="GeneratedFiles\Release\moc_meshinspector.cpp">
      <Filter>Generated Files\Release</Filter>
    </ClCompile>
    <ClCompile Include="windows\inspector\custom\meshinspector.cpp">
      <Filter>windows\inspector\custom\src</Filter>
    </ClCompile>
    <ClCompile Include="GeneratedFiles\Debug\moc_rendererinspector.cpp">
      <Filter>Generated Files\Debug</Filter>
    </ClCompile>
    <ClCompile Include="GeneratedFiles\Release\moc_rendererinspector.cpp">
      <Filter>Generated Files\Release</Filter>
    </ClCompile>
    <ClCompile Include="windows\inspector\custom\rendererinspector.cpp">
      <Filter>windows\inspector\custom\src</Filter>
    </ClCompile>
    <ClCompile Include="windows\inspector\custom\custominspector.cpp">
      <Filter>windows\inspector\custom\src</Filter>
    </ClCompile>
  </ItemGroup>
  <ItemGroup>
    <CustomBuild Include="suede.qrc">
      <Filter>resources</Filter>
    </CustomBuild>
    <CustomBuild Include="ui\suede.ui">
      <Filter>ui</Filter>
    </CustomBuild>
    <CustomBuild Include="main\suede.h">
      <Filter>main\include</Filter>
    </CustomBuild>
    <CustomBuild Include="windows\console\console.h">
      <Filter>windows\console\include</Filter>
    </CustomBuild>
    <CustomBuild Include="windows\controls\canvas.h">
      <Filter>windows\controls\include</Filter>
    </CustomBuild>
    <CustomBuild Include="windows\controls\floatslider.h">
      <Filter>windows\controls\include</Filter>
    </CustomBuild>
    <CustomBuild Include="windows\controls\labeltexture.h">
      <Filter>windows\controls\include</Filter>
    </CustomBuild>
    <CustomBuild Include="windows\game\game.h">
      <Filter>windows\game\include</Filter>
    </CustomBuild>
    <CustomBuild Include="windows\hierarchy\hierarchy.h">
      <Filter>windows\hierarchy\include</Filter>
    </CustomBuild>
    <CustomBuild Include="windows\inspector\inspector.h">
      <Filter>windows\inspector\include</Filter>
    </CustomBuild>
    <CustomBuild Include="windows\inspector\custom\camerainspector.h">
      <Filter>windows\inspector\custom\include</Filter>
    </CustomBuild>
    <CustomBuild Include="windows\inspector\custom\projectorinspector.h">
      <Filter>windows\inspector\custom\include</Filter>
    </CustomBuild>
    <CustomBuild Include="windows\inspector\custom\meshinspector.h">
      <Filter>windows\inspector\custom\include</Filter>
    </CustomBuild>
    <CustomBuild Include="windows\inspector\custom\rendererinspector.h">
      <Filter>windows\inspector\custom\include</Filter>
    </CustomBuild>
  </ItemGroup>
  <ItemGroup>
    <ClInclude Include="scripts\cameracontroller.h">
      <Filter>scripts\include</Filter>
    </ClInclude>
    <ClInclude Include="scripts\grayscale.h">
      <Filter>scripts\include</Filter>
    </ClInclude>
    <ClInclude Include="scripts\inversion.h">
      <Filter>scripts\include</Filter>
    </ClInclude>
    <ClInclude Include="GeneratedFiles\ui_suede.h">
      <Filter>Generated Files</Filter>
    </ClInclude>
    <ClInclude Include="resources\buildin\shaders\include\light_fragment.inc">
      <Filter>resources\buildin\shaders\include</Filter>
    </ClInclude>
    <ClInclude Include="windows\controls\childwindow.h">
      <Filter>windows\controls\include</Filter>
    </ClInclude>
    <ClInclude Include="windows\inspector\custom\custominspector.h">
      <Filter>windows\inspector\custom\include</Filter>
    </ClInclude>
  </ItemGroup>
  <ItemGroup>
    <None Include="resources\buildin\shaders\include\light_vertex.inc">
      <Filter>resources\buildin\shaders\include</Filter>
    </None>
    <None Include="resources\shaders\include\post_effect_vertex.inc">
      <Filter>resources\shaders\include</Filter>
    </None>
    <None Include="resources\buildin\shaders\lit_texture.shader">
      <Filter>resources\buildin\shaders</Filter>
    </None>
    <None Include="resources\buildin\shaders\depth.shader">
      <Filter>resources\buildin\shaders</Filter>
    </None>
    <None Include="resources\buildin\shaders\directional_light_depth.shader">
      <Filter>resources\buildin\shaders</Filter>
    </None>
    <None Include="resources\buildin\shaders\unlit_texture.shader">
      <Filter>resources\buildin\shaders</Filter>
    </None>
    <None Include="resources\shaders\grayscale.shader">
      <Filter>resources\shaders</Filter>
    </None>
    <None Include="resources\shaders\inversion.shader">
      <Filter>resources\shaders</Filter>
    </None>
    <None Include="resources\buildin\shaders\blit.shader">
      <Filter>resources\buildin\shaders</Filter>
    </None>
    <None Include="resources\buildin\shaders\gbuffer.shader">
      <Filter>resources\buildin\shaders</Filter>
    </None>
    <None Include="resources\buildin\shaders\particle.shader">
      <Filter>resources\buildin\shaders</Filter>
    </None>
    <None Include="resources\buildin\shaders\skybox.shader">
      <Filter>resources\buildin\shaders</Filter>
    </None>
    <None Include="resources\buildin\shaders\lit_animated_texture.shader">
      <Filter>resources\buildin\shaders</Filter>
    </None>
    <None Include="resources\buildin\shaders\lit_bumped_texture.shader">
      <Filter>resources\buildin\shaders</Filter>
    </None>
    <None Include="resources\shaders\xray.shader">
      <Filter>resources\shaders</Filter>
    </None>
    <None Include="resources\buildin\shaders\decal.shader">
      <Filter>resources\buildin\shaders</Filter>
    </None>
    <None Include="resources\qss\style.qss">
      <Filter>resources\qss</Filter>
    </None>
    <None Include="resources\buildin\shaders\include\suede.inc">
      <Filter>resources\buildin\shaders\include</Filter>
    </None>
  </ItemGroup>
  <ItemGroup>
    <ResourceCompile Include="resources\winrc\res.rc">
      <Filter>resources\winrc</Filter>
    </ResourceCompile>
  </ItemGroup>
</Project>