<?xml version="1.0" encoding="utf-8"?>
<Project ToolsVersion="4.0" xmlns="http://schemas.microsoft.com/developer/msbuild/2003">
  <ItemGroup>
    <Filter Include="Generated Files">
      <UniqueIdentifier>{71ED8ED8-ACB9-4CE9-BBE1-E00B30144E11}</UniqueIdentifier>
      <Extensions>moc;h;cpp</Extensions>
      <SourceControlFiles>False</SourceControlFiles>
    </Filter>
    <Filter Include="Generated Files\Debug">
      <UniqueIdentifier>{402f3300-9718-425e-ae2a-09de1f08b65e}</UniqueIdentifier>
      <Extensions>cpp;moc</Extensions>
      <SourceControlFiles>False</SourceControlFiles>
    </Filter>
    <Filter Include="Generated Files\Release">
      <UniqueIdentifier>{efaaf5fe-4bac-4b51-b5b5-11101849618f}</UniqueIdentifier>
      <Extensions>cpp;moc</Extensions>
      <SourceControlFiles>False</SourceControlFiles>
    </Filter>
    <Filter Include="resources">
      <UniqueIdentifier>{D9D6E242-F8AF-46E4-B9FD-80ECBC20BA3E}</UniqueIdentifier>
      <Extensions>qrc;*</Extensions>
      <ParseFiles>false</ParseFiles>
    </Filter>
    <Filter Include="ui">
      <UniqueIdentifier>{99349809-55BA-4b9d-BF79-8FDBB0286EB3}</UniqueIdentifier>
      <Extensions>ui</Extensions>
    </Filter>
    <Filter Include="scripts">
      <UniqueIdentifier>{d9d38ab5-25a0-4526-8735-dbceb209adba}</UniqueIdentifier>
    </Filter>
    <Filter Include="scripts\include">
      <UniqueIdentifier>{82c9ccf8-a40a-49f9-bdf3-b19e9dbf76ef}</UniqueIdentifier>
    </Filter>
    <Filter Include="scripts\src">
      <UniqueIdentifier>{dfce4a84-8832-4749-b332-0fdd5a01e4e8}</UniqueIdentifier>
    </Filter>
    <Filter Include="resources\shaders">
      <UniqueIdentifier>{cda91b8e-50f4-4c01-a697-db1bad03772d}</UniqueIdentifier>
    </Filter>
    <Filter Include="resources\shaders\include">
      <UniqueIdentifier>{293ae9ed-e6bb-4edb-878e-204ffb3e8ba9}</UniqueIdentifier>
    </Filter>
    <Filter Include="main">
      <UniqueIdentifier>{dc1b67d3-19aa-4507-9fbb-e436e116b57b}</UniqueIdentifier>
    </Filter>
    <Filter Include="main\include">
      <UniqueIdentifier>{680e88f9-79c4-4102-9a2d-3127fb544195}</UniqueIdentifier>
    </Filter>
    <Filter Include="main\src">
      <UniqueIdentifier>{317e476b-2a27-4789-807c-7898c43a4ae1}</UniqueIdentifier>
    </Filter>
    <Filter Include="widgets">
      <UniqueIdentifier>{b2387caa-cad8-41c5-b0b7-574d52dbdb14}</UniqueIdentifier>
    </Filter>
    <Filter Include="resources\winrc">
      <UniqueIdentifier>{311718b2-a96d-4bbd-a172-5156996483a4}</UniqueIdentifier>
    </Filter>
    <Filter Include="resources\qss">
      <UniqueIdentifier>{f5285957-7c63-4bb1-b7c8-39412e92e3eb}</UniqueIdentifier>
    </Filter>
    <Filter Include="widgets\status">
      <UniqueIdentifier>{22a8d1da-ebe9-44cd-ae10-0a05e5db13dc}</UniqueIdentifier>
    </Filter>
    <Filter Include="widgets\status\src">
      <UniqueIdentifier>{19041b3a-78f1-40c6-b11c-9587b781b34d}</UniqueIdentifier>
    </Filter>
    <Filter Include="resources\shaders\builtin">
      <UniqueIdentifier>{43d28d5e-e2af-4923-9408-8a0df599c17a}</UniqueIdentifier>
    </Filter>
    <Filter Include="resources\shaders\builtin\include">
      <UniqueIdentifier>{fe0db015-bb51-460e-b034-52f8394634f1}</UniqueIdentifier>
    </Filter>
    <Filter Include="widgets\status\include">
      <UniqueIdentifier>{26428fac-05af-48bb-a157-2636ae8eb984}</UniqueIdentifier>
    </Filter>
    <Filter Include="widgets\dialogs">
      <UniqueIdentifier>{ad330e73-8586-4b92-a3e3-e6d6c14ade07}</UniqueIdentifier>
    </Filter>
    <Filter Include="widgets\dialogs\include">
      <UniqueIdentifier>{aa23ee7c-eb05-4e96-99d8-4998576fc90d}</UniqueIdentifier>
    </Filter>
    <Filter Include="widgets\dialogs\src">
      <UniqueIdentifier>{81bed16b-bdf3-479c-8b32-1e9003a3cc7a}</UniqueIdentifier>
    </Filter>
    <Filter Include="windows">
      <UniqueIdentifier>{8f6ec8e0-e06c-4a59-be83-a8c2d6c05ccb}</UniqueIdentifier>
    </Filter>
    <Filter Include="windows\game">
      <UniqueIdentifier>{dbc1ae30-795b-4a8a-9865-e0f2ef4b870c}</UniqueIdentifier>
    </Filter>
    <Filter Include="windows\game\src">
      <UniqueIdentifier>{ec41d563-7124-49ae-8925-8014870c2958}</UniqueIdentifier>
    </Filter>
    <Filter Include="windows\hierarchy">
      <UniqueIdentifier>{9f57e7fa-f10a-4868-966b-c939b4adc4f7}</UniqueIdentifier>
    </Filter>
    <Filter Include="windows\hierarchy\include">
      <UniqueIdentifier>{34fc0604-ab20-4e18-985b-7a4945fd7b56}</UniqueIdentifier>
    </Filter>
    <Filter Include="windows\hierarchy\src">
      <UniqueIdentifier>{fe91196a-ab9e-4462-b0a2-906090bc7da5}</UniqueIdentifier>
    </Filter>
    <Filter Include="windows\inspector">
      <UniqueIdentifier>{2d83e312-8d09-48b3-8eed-83acf55aacdc}</UniqueIdentifier>
    </Filter>
    <Filter Include="windows\inspector\include">
      <UniqueIdentifier>{0ceb53db-54ae-490d-bf2c-266cd943da84}</UniqueIdentifier>
    </Filter>
    <Filter Include="windows\inspector\src">
      <UniqueIdentifier>{c4061003-9ac8-47c2-8320-116f689d2ecd}</UniqueIdentifier>
    </Filter>
    <Filter Include="windows\inspector\custom">
      <UniqueIdentifier>{43ac319b-e4d5-422d-a1ce-8863a5125c26}</UniqueIdentifier>
    </Filter>
    <Filter Include="windows\inspector\custom\include">
      <UniqueIdentifier>{83d42b6f-29f7-4a33-9aeb-e48421309e33}</UniqueIdentifier>
    </Filter>
    <Filter Include="windows\inspector\custom\src">
      <UniqueIdentifier>{08948759-06ff-4f97-9641-fe3af5014b10}</UniqueIdentifier>
    </Filter>
    <Filter Include="windows\lighting">
      <UniqueIdentifier>{2de45e3f-4435-4576-b064-28bec29f4dda}</UniqueIdentifier>
    </Filter>
    <Filter Include="windows\lighting\include">
      <UniqueIdentifier>{ac70e7a0-9583-46d3-a9f7-13a0cfbeca0a}</UniqueIdentifier>
    </Filter>
    <Filter Include="windows\lighting\src">
      <UniqueIdentifier>{651089db-8c81-4dd4-b65b-92f1bb1e88cd}</UniqueIdentifier>
    </Filter>
    <Filter Include="widgets\fields">
      <UniqueIdentifier>{412ad60b-716b-447f-9863-626339a2f8d7}</UniqueIdentifier>
    </Filter>
    <Filter Include="widgets\fields\include">
      <UniqueIdentifier>{421b6cb8-6cd9-4b54-97be-b28145c97827}</UniqueIdentifier>
    </Filter>
    <Filter Include="widgets\fields\src">
      <UniqueIdentifier>{20cecae9-657a-4a81-a573-420b259fece2}</UniqueIdentifier>
    </Filter>
    <Filter Include="windows\include">
      <UniqueIdentifier>{18d0d0dc-f708-4b7e-a30d-7f247954fa05}</UniqueIdentifier>
    </Filter>
    <Filter Include="windows\console">
      <UniqueIdentifier>{80990e59-ee1d-4b11-a012-2275e42b75f1}</UniqueIdentifier>
    </Filter>
    <Filter Include="windows\console\include">
      <UniqueIdentifier>{22677e80-befb-48b5-a74e-27f92ab1b695}</UniqueIdentifier>
    </Filter>
    <Filter Include="windows\console\src">
      <UniqueIdentifier>{70e04511-4e4c-45ce-bf57-f75df6570e5c}</UniqueIdentifier>
    </Filter>
    <Filter Include="windows\game\include">
      <UniqueIdentifier>{dd5cf3eb-91ff-4764-8c4b-0d04ecb8853f}</UniqueIdentifier>
    </Filter>
  </ItemGroup>
  <ItemGroup>
    <ClCompile Include="scripts\cameracontroller.cpp">
      <Filter>scripts\src</Filter>
    </ClCompile>
    <ClCompile Include="main\suede.cpp">
      <Filter>main\src</Filter>
    </ClCompile>
    <ClCompile Include="main\main.cpp">
      <Filter>main\src</Filter>
    </ClCompile>
    <ClCompile Include="GeneratedFiles\qrc_suede.cpp">
      <Filter>Generated Files</Filter>
    </ClCompile>
    <ClCompile Include="GeneratedFiles\Debug\moc_floatslider.cpp">
      <Filter>Generated Files\Debug</Filter>
    </ClCompile>
    <ClCompile Include="GeneratedFiles\Release\moc_floatslider.cpp">
      <Filter>Generated Files\Release</Filter>
    </ClCompile>
    <ClCompile Include="GeneratedFiles\Release\moc_labeltexture.cpp">
      <Filter>Generated Files\Release</Filter>
    </ClCompile>
    <ClCompile Include="GeneratedFiles\Debug\moc_camerainspector.cpp">
      <Filter>Generated Files\Debug</Filter>
    </ClCompile>
    <ClCompile Include="GeneratedFiles\Release\moc_camerainspector.cpp">
      <Filter>Generated Files\Release</Filter>
    </ClCompile>
    <ClCompile Include="GeneratedFiles\Debug\moc_projectorinspector.cpp">
      <Filter>Generated Files\Debug</Filter>
    </ClCompile>
    <ClCompile Include="GeneratedFiles\Release\moc_projectorinspector.cpp">
      <Filter>Generated Files\Release</Filter>
    </ClCompile>
    <ClCompile Include="GeneratedFiles\Debug\moc_meshinspector.cpp">
      <Filter>Generated Files\Debug</Filter>
    </ClCompile>
    <ClCompile Include="GeneratedFiles\Release\moc_meshinspector.cpp">
      <Filter>Generated Files\Release</Filter>
    </ClCompile>
    <ClCompile Include="GeneratedFiles\Debug\moc_custominspector.cpp">
      <Filter>Generated Files\Debug</Filter>
    </ClCompile>
    <ClCompile Include="GeneratedFiles\Release\moc_custominspector.cpp">
      <Filter>Generated Files\Release</Filter>
    </ClCompile>
    <ClCompile Include="widgets\status\status.cpp">
      <Filter>widgets\status\src</Filter>
    </ClCompile>
    <ClCompile Include="GeneratedFiles\Debug\moc_status.cpp">
      <Filter>Generated Files\Debug</Filter>
    </ClCompile>
    <ClCompile Include="GeneratedFiles\Release\moc_status.cpp">
      <Filter>Generated Files\Release</Filter>
    </ClCompile>
    <ClCompile Include="main\qtviewer.cpp">
      <Filter>main\src</Filter>
    </ClCompile>
    <ClCompile Include="GeneratedFiles\Debug\moc_qtviewer.cpp">
      <Filter>Generated Files\Debug</Filter>
    </ClCompile>
    <ClCompile Include="GeneratedFiles\Release\moc_qtviewer.cpp">
      <Filter>Generated Files\Release</Filter>
    </ClCompile>
    <ClCompile Include="widgets\status\statswidget.cpp">
      <Filter>widgets\status\src</Filter>
    </ClCompile>
    <ClCompile Include="GeneratedFiles\Debug\moc_lightinspector.cpp">
      <Filter>Generated Files\Debug</Filter>
    </ClCompile>
    <ClCompile Include="GeneratedFiles\Release\moc_lightinspector.cpp">
      <Filter>Generated Files\Release</Filter>
    </ClCompile>
    <ClCompile Include="GeneratedFiles\Debug\moc_colorfield.cpp">
      <Filter>Generated Files\Debug</Filter>
    </ClCompile>
    <ClCompile Include="GeneratedFiles\Release\moc_colorfield.cpp">
      <Filter>Generated Files\Release</Filter>
    </ClCompile>
    <ClCompile Include="GeneratedFiles\Debug\moc_texturefield.cpp">
      <Filter>Generated Files\Debug</Filter>
    </ClCompile>
    <ClCompile Include="GeneratedFiles\Release\moc_texturefield.cpp">
      <Filter>Generated Files\Release</Filter>
    </ClCompile>
    <ClCompile Include="GeneratedFiles\Debug\moc_maskfield.cpp">
      <Filter>Generated Files\Debug</Filter>
    </ClCompile>
    <ClCompile Include="GeneratedFiles\Release\moc_maskfield.cpp">
      <Filter>Generated Files\Release</Filter>
    </ClCompile>
    <ClCompile Include="GeneratedFiles\Debug\moc_suede.cpp">
      <Filter>Generated Files\Debug</Filter>
    </ClCompile>
    <ClCompile Include="GeneratedFiles\Release\moc_suede.cpp">
      <Filter>Generated Files\Release</Filter>
    </ClCompile>
    <ClCompile Include="GeneratedFiles\Debug\moc_filetreefield.cpp">
      <Filter>Generated Files\Debug</Filter>
    </ClCompile>
    <ClCompile Include="GeneratedFiles\Release\moc_filetreefield.cpp">
      <Filter>Generated Files\Release</Filter>
    </ClCompile>
    <ClCompile Include="GeneratedFiles\Debug\moc_floatfield.cpp">
      <Filter>Generated Files\Debug</Filter>
    </ClCompile>
    <ClCompile Include="GeneratedFiles\Release\moc_floatfield.cpp">
      <Filter>Generated Files\Release</Filter>
    </ClCompile>
    <ClCompile Include="GeneratedFiles\Debug\moc_vecfield.cpp">
      <Filter>Generated Files\Debug</Filter>
    </ClCompile>
    <ClCompile Include="GeneratedFiles\Release\moc_vecfield.cpp">
      <Filter>Generated Files\Release</Filter>
    </ClCompile>
    <ClCompile Include="GeneratedFiles\Debug\moc_vec3field.cpp">
      <Filter>Generated Files\Debug</Filter>
    </ClCompile>
    <ClCompile Include="GeneratedFiles\Release\moc_vec3field.cpp">
      <Filter>Generated Files\Release</Filter>
    </ClCompile>
    <ClCompile Include="GeneratedFiles\Debug\moc_vec2field.cpp">
      <Filter>Generated Files\Debug</Filter>
    </ClCompile>
    <ClCompile Include="GeneratedFiles\Debug\moc_vec4field.cpp">
      <Filter>Generated Files\Debug</Filter>
    </ClCompile>
    <ClCompile Include="GeneratedFiles\Release\moc_vec4field.cpp">
      <Filter>Generated Files\Release</Filter>
    </ClCompile>
    <ClCompile Include="GeneratedFiles\Release\moc_vec2field.cpp">
      <Filter>Generated Files\Release</Filter>
    </ClCompile>
    <ClCompile Include="GeneratedFiles\Debug\moc_rectfield.cpp">
      <Filter>Generated Files\Debug</Filter>
    </ClCompile>
    <ClCompile Include="GeneratedFiles\Release\moc_rectfield.cpp">
      <Filter>Generated Files\Release</Filter>
    </ClCompile>
    <ClCompile Include="GeneratedFiles\Debug\moc_aboutdialog.cpp">
      <Filter>Generated Files\Debug</Filter>
    </ClCompile>
    <ClCompile Include="GeneratedFiles\Release\moc_aboutdialog.cpp">
      <Filter>Generated Files\Release</Filter>
    </ClCompile>
    <ClCompile Include="GeneratedFiles\Debug\moc_colorpicker.cpp">
      <Filter>Generated Files\Debug</Filter>
    </ClCompile>
    <ClCompile Include="GeneratedFiles\Release\moc_colorpicker.cpp">
      <Filter>Generated Files\Release</Filter>
    </ClCompile>
    <ClCompile Include="widgets\dialogs\aboutdialog.cpp">
      <Filter>widgets\dialogs\src</Filter>
    </ClCompile>
    <ClCompile Include="widgets\dialogs\colorpicker.cpp">
      <Filter>widgets\dialogs\src</Filter>
    </ClCompile>
    <ClCompile Include="GeneratedFiles\Debug\moc_canvas.cpp">
      <Filter>Generated Files\Debug</Filter>
    </ClCompile>
    <ClCompile Include="GeneratedFiles\Release\moc_canvas.cpp">
      <Filter>Generated Files\Release</Filter>
    </ClCompile>
    <ClCompile Include="widgets\dialogs\popupwidget.cpp">
      <Filter>widgets\dialogs\src</Filter>
    </ClCompile>
    <ClCompile Include="GeneratedFiles\Debug\moc_popupwidget.cpp">
      <Filter>Generated Files\Debug</Filter>
    </ClCompile>
    <ClCompile Include="GeneratedFiles\Release\moc_popupwidget.cpp">
      <Filter>Generated Files\Release</Filter>
    </ClCompile>
    <ClCompile Include="windows\inspector\custom\camerainspector.cpp">
      <Filter>windows\inspector\custom\src</Filter>
    </ClCompile>
    <ClCompile Include="windows\inspector\custom\custominspector.cpp">
      <Filter>windows\inspector\custom\src</Filter>
    </ClCompile>
    <ClCompile Include="windows\inspector\custom\lightinspector.cpp">
      <Filter>windows\inspector\custom\src</Filter>
    </ClCompile>
    <ClCompile Include="windows\inspector\custom\meshinspector.cpp">
      <Filter>windows\inspector\custom\src</Filter>
    </ClCompile>
    <ClCompile Include="windows\inspector\custom\rendererinspector.cpp">
      <Filter>windows\inspector\custom\src</Filter>
    </ClCompile>
    <ClCompile Include="windows\inspector\custom\projectorinspector.cpp">
      <Filter>windows\inspector\custom\src</Filter>
    </ClCompile>
    <ClCompile Include="windows\game\canvas.cpp">
      <Filter>windows\game\src</Filter>
    </ClCompile>
    <ClCompile Include="windows\game\game.cpp">
      <Filter>windows\game\src</Filter>
    </ClCompile>
    <ClCompile Include="windows\inspector\inspector.cpp">
      <Filter>windows\inspector\src</Filter>
    </ClCompile>
    <ClCompile Include="windows\lighting\lighting.cpp">
      <Filter>windows\lighting\src</Filter>
    </ClCompile>
    <ClCompile Include="windows\hierarchy\hierarchy.cpp">
      <Filter>windows\hierarchy\src</Filter>
    </ClCompile>
    <ClCompile Include="widgets\fields\colorfield.cpp">
      <Filter>widgets\fields\src</Filter>
    </ClCompile>
    <ClCompile Include="widgets\fields\enumfield.cpp">
      <Filter>widgets\fields\src</Filter>
    </ClCompile>
    <ClCompile Include="widgets\fields\filetreefield.cpp">
      <Filter>widgets\fields\src</Filter>
    </ClCompile>
    <ClCompile Include="widgets\fields\floatfield.cpp">
      <Filter>widgets\fields\src</Filter>
    </ClCompile>
    <ClCompile Include="widgets\fields\floatslider.cpp">
      <Filter>widgets\fields\src</Filter>
    </ClCompile>
    <ClCompile Include="widgets\fields\maskfield.cpp">
      <Filter>widgets\fields\src</Filter>
    </ClCompile>
    <ClCompile Include="widgets\fields\texturefield.cpp">
      <Filter>widgets\fields\src</Filter>
    </ClCompile>
    <ClCompile Include="widgets\fields\vecfield.cpp">
      <Filter>widgets\fields\src</Filter>
    </ClCompile>
    <ClCompile Include="GeneratedFiles\Debug\moc_rendererinspector.cpp">
      <Filter>Generated Files\Debug</Filter>
    </ClCompile>
    <ClCompile Include="GeneratedFiles\Release\moc_rendererinspector.cpp">
      <Filter>Generated Files\Release</Filter>
    </ClCompile>
    <ClCompile Include="scripts\gaussianblur.cpp">
      <Filter>scripts\src</Filter>
    </ClCompile>
    <ClCompile Include="windows\console\console.cpp">
      <Filter>windows\console\src</Filter>
    </ClCompile>
    <ClCompile Include="GeneratedFiles\Debug\moc_lighting.cpp">
      <Filter>Generated Files\Debug</Filter>
    </ClCompile>
    <ClCompile Include="GeneratedFiles\Release\moc_lighting.cpp">
      <Filter>Generated Files\Release</Filter>
    </ClCompile>
    <ClCompile Include="GeneratedFiles\Debug\moc_console.cpp">
      <Filter>Generated Files\Debug</Filter>
    </ClCompile>
    <ClCompile Include="GeneratedFiles\Release\moc_console.cpp">
      <Filter>Generated Files\Release</Filter>
    </ClCompile>
    <ClCompile Include="GeneratedFiles\Debug\moc_game.cpp">
      <Filter>Generated Files\Debug</Filter>
    </ClCompile>
    <ClCompile Include="GeneratedFiles\Release\moc_game.cpp">
      <Filter>Generated Files\Release</Filter>
    </ClCompile>
    <ClCompile Include="GeneratedFiles\Debug\moc_hierarchy.cpp">
      <Filter>Generated Files\Debug</Filter>
    </ClCompile>
    <ClCompile Include="GeneratedFiles\Release\moc_hierarchy.cpp">
      <Filter>Generated Files\Release</Filter>
    </ClCompile>
    <ClCompile Include="GeneratedFiles\Debug\moc_inspector.cpp">
      <Filter>Generated Files\Debug</Filter>
    </ClCompile>
    <ClCompile Include="GeneratedFiles\Release\moc_inspector.cpp">
      <Filter>Generated Files\Release</Filter>
    </ClCompile>
  </ItemGroup>
  <ItemGroup>
    <CustomBuild Include="suede.qrc">
      <Filter>resources</Filter>
    </CustomBuild>
    <CustomBuild Include="ui\suede.ui">
      <Filter>ui</Filter>
    </CustomBuild>
    <CustomBuild Include="main\suede.h">
      <Filter>main\include</Filter>
    </CustomBuild>
    <CustomBuild Include="widgets\status\status.h">
      <Filter>widgets\status\include</Filter>
    </CustomBuild>
    <CustomBuild Include="main\qtviewer.h">
      <Filter>main\include</Filter>
    </CustomBuild>
    <CustomBuild Include="ui\statswidget.ui">
      <Filter>ui</Filter>
    </CustomBuild>
    <CustomBuild Include="ui\aboutdialog.ui">
      <Filter>ui</Filter>
    </CustomBuild>
    <CustomBuild Include="widgets\dialogs\aboutdialog.h">
      <Filter>widgets\dialogs\include</Filter>
    </CustomBuild>
    <CustomBuild Include="widgets\dialogs\colorpicker.h">
      <Filter>widgets\dialogs\include</Filter>
    </CustomBuild>
    <CustomBuild Include="widgets\dialogs\popupwidget.h">
      <Filter>widgets\dialogs\include</Filter>
    </CustomBuild>
    <CustomBuild Include="windows\inspector\custom\camerainspector.h">
      <Filter>windows\inspector\custom\include</Filter>
    </CustomBuild>
    <CustomBuild Include="windows\inspector\custom\custominspector.h">
      <Filter>windows\inspector\custom\include</Filter>
    </CustomBuild>
    <CustomBuild Include="windows\inspector\custom\rendererinspector.h">
      <Filter>windows\inspector\custom\include</Filter>
    </CustomBuild>
    <CustomBuild Include="windows\inspector\custom\lightinspector.h">
      <Filter>windows\inspector\custom\include</Filter>
    </CustomBuild>
    <CustomBuild Include="windows\inspector\custom\meshinspector.h">
      <Filter>windows\inspector\custom\include</Filter>
    </CustomBuild>
    <CustomBuild Include="windows\inspector\custom\projectorinspector.h">
      <Filter>windows\inspector\custom\include</Filter>
    </CustomBuild>
    <CustomBuild Include="widgets\fields\maskfield.h">
      <Filter>widgets\fields\include</Filter>
    </CustomBuild>
    <CustomBuild Include="windows\lighting\lighting.h">
      <Filter>windows\lighting\include</Filter>
    </CustomBuild>
    <CustomBuild Include="windows\console\console.h">
      <Filter>windows\console\include</Filter>
    </CustomBuild>
    <CustomBuild Include="windows\game\game.h">
      <Filter>windows\game\include</Filter>
    </CustomBuild>
    <CustomBuild Include="windows\hierarchy\hierarchy.h">
      <Filter>windows\hierarchy\include</Filter>
    </CustomBuild>
    <CustomBuild Include="windows\inspector\inspector.h">
      <Filter>windows\inspector\include</Filter>
    </CustomBuild>
    <CustomBuild Include="windows\game\canvas.h">
      <Filter>windows\game\include</Filter>
    </CustomBuild>
    <CustomBuild Include="widgets\fields\colorfield.h">
      <Filter>widgets\fields\include</Filter>
    </CustomBuild>
    <CustomBuild Include="widgets\fields\floatfield.h">
      <Filter>widgets\fields\include</Filter>
    </CustomBuild>
    <CustomBuild Include="widgets\fields\filetreefield.h">
      <Filter>widgets\fields\include</Filter>
    </CustomBuild>
    <CustomBuild Include="widgets\fields\floatslider.h">
      <Filter>widgets\fields\include</Filter>
    </CustomBuild>
    <CustomBuild Include="widgets\fields\vec3field.h">
      <Filter>widgets\fields\include</Filter>
    </CustomBuild>
    <CustomBuild Include="widgets\fields\vec4field.h">
      <Filter>widgets\fields\include</Filter>
    </CustomBuild>
    <CustomBuild Include="widgets\fields\vecfield.h">
      <Filter>widgets\fields\include</Filter>
    </CustomBuild>
    <CustomBuild Include="widgets\fields\rectfield.h">
      <Filter>widgets\fields\include</Filter>
    </CustomBuild>
    <CustomBuild Include="widgets\fields\texturefield.h">
      <Filter>widgets\fields\include</Filter>
    </CustomBuild>
    <CustomBuild Include="widgets\fields\vec2field.h">
      <Filter>widgets\fields\include</Filter>
    </CustomBuild>
  </ItemGroup>
  <ItemGroup>
    <ClInclude Include="scripts\cameracontroller.h">
      <Filter>scripts\include</Filter>
    </ClInclude>
    <ClInclude Include="scripts\grayscale.h">
      <Filter>scripts\include</Filter>
    </ClInclude>
    <ClInclude Include="scripts\inversion.h">
      <Filter>scripts\include</Filter>
    </ClInclude>
    <ClInclude Include="GeneratedFiles\ui_suede.h">
      <Filter>Generated Files</Filter>
    </ClInclude>
    <ClInclude Include="widgets\status\statswidget.h">
      <Filter>widgets\status\include</Filter>
    </ClInclude>
    <ClInclude Include="GeneratedFiles\ui_statswidget.h">
      <Filter>Generated Files</Filter>
    </ClInclude>
    <ClInclude Include="GeneratedFiles\ui_aboutdialog.h">
      <Filter>Generated Files</Filter>
    </ClInclude>
    <ClInclude Include="scripts\gaussianblur.h">
      <Filter>scripts\include</Filter>
    </ClInclude>
    <ClInclude Include="widgets\fields\enumfield.h">
      <Filter>widgets\fields\include</Filter>
    </ClInclude>
    <ClInclude Include="windows\winbase.h">
      <Filter>windows\include</Filter>
    </ClInclude>
  </ItemGroup>
  <ItemGroup>
    <None Include="resources\shaders\grayscale.shader">
      <Filter>resources\shaders</Filter>
    </None>
    <None Include="resources\shaders\inversion.shader">
      <Filter>resources\shaders</Filter>
    </None>
    <None Include="resources\shaders\xray.shader">
      <Filter>resources\shaders</Filter>
    </None>
    <None Include="resources\qss\style.qss">
      <Filter>resources\qss</Filter>
    </None>
    <None Include="resources\shaders\builtin\blit.shader">
      <Filter>resources\shaders\builtin</Filter>
    </None>
    <None Include="resources\shaders\builtin\decal.shader">
      <Filter>resources\shaders\builtin</Filter>
    </None>
    <None Include="resources\shaders\builtin\depth.shader">
      <Filter>resources\shaders\builtin</Filter>
    </None>
    <None Include="resources\shaders\builtin\directional_light_depth.shader">
      <Filter>resources\shaders\builtin</Filter>
    </None>
    <None Include="resources\shaders\builtin\gbuffer.shader">
      <Filter>resources\shaders\builtin</Filter>
    </None>
    <None Include="resources\shaders\builtin\gizmos.shader">
      <Filter>resources\shaders\builtin</Filter>
    </None>
    <None Include="resources\shaders\builtin\lit_animated_texture.shader">
      <Filter>resources\shaders\builtin</Filter>
    </None>
    <None Include="resources\shaders\builtin\lit_bumped_texture.shader">
      <Filter>resources\shaders\builtin</Filter>
    </None>
    <None Include="resources\shaders\builtin\lit_texture.shader">
      <Filter>resources\shaders\builtin</Filter>
    </None>
    <None Include="resources\shaders\builtin\particle.shader">
      <Filter>resources\shaders\builtin</Filter>
    </None>
    <None Include="resources\shaders\builtin\skybox.shader">
      <Filter>resources\shaders\builtin</Filter>
    </None>
    <None Include="resources\shaders\builtin\unlit_texture.shader">
      <Filter>resources\shaders\builtin</Filter>
    </None>
    <None Include="resources\shaders\builtin\include\post_effect_vertex.inc">
      <Filter>resources\shaders\builtin\include</Filter>
    </None>
    <None Include="resources\shaders\builtin\include\suede.inc">
      <Filter>resources\shaders\builtin\include</Filter>
    </None>
    <None Include="resources\shaders\builtin\include\lit_fragment.inc">
      <Filter>resources\shaders\builtin\include</Filter>
    </None>
    <None Include="resources\shaders\builtin\include\lit_vertex.inc">
      <Filter>resources\shaders\builtin\include</Filter>
    </None>
    <None Include="GeneratedFiles\Debug\rectfield.moc">
      <Filter>Generated Files\Debug</Filter>
    </None>
    <None Include="GeneratedFiles\Release\rectfield.moc">
      <Filter>Generated Files\Release</Filter>
    </None>
    <None Include="resources\shaders\gaussianblur.shader">
      <Filter>resources\shaders</Filter>
    </None>
  </ItemGroup>
  <ItemGroup>
    <ResourceCompile Include="resources\winrc\res.rc">
      <Filter>resources\winrc</Filter>
    </ResourceCompile>
  </ItemGroup>
</Project>